// !$*UTF8*$!
{
	archiveVersion = 1;
	classes = {
	};
	objectVersion = 50;
	objects = {

/* Begin PBXBuildFile section */
		897951A27417974C2CAC05B0 /* Pods_Tiny_ContactsTests.framework in Frameworks */ = {isa = PBXBuildFile; fileRef = 27BAB84CAC522A319BA9CE62 /* Pods_Tiny_ContactsTests.framework */; };
		A58154CF2A85017DAACF8514 /* Pods_Tiny_Contacts.framework in Frameworks */ = {isa = PBXBuildFile; fileRef = 0831885AED32ED9A84A1393D /* Pods_Tiny_Contacts.framework */; };
		AB0668C0227EC5BB0090B1CC /* AppDelegate.swift in Sources */ = {isa = PBXBuildFile; fileRef = AB0668BF227EC5BB0090B1CC /* AppDelegate.swift */; };
		AB0668C2227EC5BB0090B1CC /* ContactsViewController.swift in Sources */ = {isa = PBXBuildFile; fileRef = AB0668C1227EC5BB0090B1CC /* ContactsViewController.swift */; };
		AB0668C5227EC5BB0090B1CC /* Main.storyboard in Resources */ = {isa = PBXBuildFile; fileRef = AB0668C3227EC5BB0090B1CC /* Main.storyboard */; };
		AB0668C8227EC5BB0090B1CC /* Tiny_Contacts.xcdatamodeld in Sources */ = {isa = PBXBuildFile; fileRef = AB0668C6227EC5BB0090B1CC /* Tiny_Contacts.xcdatamodeld */; };
		AB0668CA227EC5BD0090B1CC /* Assets.xcassets in Resources */ = {isa = PBXBuildFile; fileRef = AB0668C9227EC5BD0090B1CC /* Assets.xcassets */; };
		AB0668CD227EC5BD0090B1CC /* LaunchScreen.storyboard in Resources */ = {isa = PBXBuildFile; fileRef = AB0668CB227EC5BD0090B1CC /* LaunchScreen.storyboard */; };
		AB0668D8227EC5BD0090B1CC /* Tiny_ContactsTests.swift in Sources */ = {isa = PBXBuildFile; fileRef = AB0668D7227EC5BD0090B1CC /* Tiny_ContactsTests.swift */; };
		AB0668E4227ED0F90090B1CC /* SearchbarExtensions.swift in Sources */ = {isa = PBXBuildFile; fileRef = AB0668E3227ED0F90090B1CC /* SearchbarExtensions.swift */; };
		AB0668E6227F6C700090B1CC /* ContactHeaderView.swift in Sources */ = {isa = PBXBuildFile; fileRef = AB0668E5227F6C700090B1CC /* ContactHeaderView.swift */; };
		AB0668E82280BC180090B1CC /* ContactViewCell.swift in Sources */ = {isa = PBXBuildFile; fileRef = AB0668E72280BC180090B1CC /* ContactViewCell.swift */; };
		AB4D89A82285949E0038090F /* ContactDataGenerator.swift in Sources */ = {isa = PBXBuildFile; fileRef = AB4D89A72285949E0038090F /* ContactDataGenerator.swift */; };
		AB4D89AD22859A230038090F /* DateExtension.swift in Sources */ = {isa = PBXBuildFile; fileRef = AB4D89AC22859A230038090F /* DateExtension.swift */; };
		AB4D89AF22859A580038090F /* IntExtension.swift in Sources */ = {isa = PBXBuildFile; fileRef = AB4D89AE22859A580038090F /* IntExtension.swift */; };
		AB4D89B62285A26E0038090F /* Email+CoreDataProperties.swift in Sources */ = {isa = PBXBuildFile; fileRef = AB4D89B02285A26E0038090F /* Email+CoreDataProperties.swift */; };
		AB4D89B72285A26E0038090F /* Email+CoreDataClass.swift in Sources */ = {isa = PBXBuildFile; fileRef = AB4D89B12285A26E0038090F /* Email+CoreDataClass.swift */; };
		AB4D89B82285A26E0038090F /* Contact+CoreDataClass.swift in Sources */ = {isa = PBXBuildFile; fileRef = AB4D89B32285A26E0038090F /* Contact+CoreDataClass.swift */; };
		AB4D89B92285A26E0038090F /* Phone+CoreDataProperties.swift in Sources */ = {isa = PBXBuildFile; fileRef = AB4D89B52285A26E0038090F /* Phone+CoreDataProperties.swift */; };
		AB4D89BA2285A26E0038090F /* Phone+CoreDataClass.swift in Sources */ = {isa = PBXBuildFile; fileRef = AB4D89B42285A26E0038090F /* Phone+CoreDataClass.swift */; };
		AB4D89BB2285A26E0038090F /* Contact+CoreDataProperties.swift in Sources */ = {isa = PBXBuildFile; fileRef = AB4D89B22285A26E0038090F /* Contact+CoreDataProperties.swift */; };
		AB4D89BD2285AA7E0038090F /* UIViewExtensions.swift in Sources */ = {isa = PBXBuildFile; fileRef = AB4D89BC2285AA7E0038090F /* UIViewExtensions.swift */; };
		ABF47EC0228C83ED00AFE222 /* FlowLayout.swift in Sources */ = {isa = PBXBuildFile; fileRef = ABF47EBF228C83ED00AFE222 /* FlowLayout.swift */; };
/* End PBXBuildFile section */

/* Begin PBXContainerItemProxy section */
		AB0668D4227EC5BD0090B1CC /* PBXContainerItemProxy */ = {
			isa = PBXContainerItemProxy;
			containerPortal = AB0668B4227EC5BB0090B1CC /* Project object */;
			proxyType = 1;
			remoteGlobalIDString = AB0668BB227EC5BB0090B1CC;
			remoteInfo = "Tiny Contacts";
		};
/* End PBXContainerItemProxy section */

/* Begin PBXFileReference section */
		0831885AED32ED9A84A1393D /* Pods_Tiny_Contacts.framework */ = {isa = PBXFileReference; explicitFileType = wrapper.framework; includeInIndex = 0; path = Pods_Tiny_Contacts.framework; sourceTree = BUILT_PRODUCTS_DIR; };
		1C5A8DC02053863C1B84F818 /* Pods-Tiny Contacts.debug.xcconfig */ = {isa = PBXFileReference; includeInIndex = 1; lastKnownFileType = text.xcconfig; name = "Pods-Tiny Contacts.debug.xcconfig"; path = "Target Support Files/Pods-Tiny Contacts/Pods-Tiny Contacts.debug.xcconfig"; sourceTree = "<group>"; };
		24F26385130A40F33D485390 /* Pods-Tiny Contacts.release.xcconfig */ = {isa = PBXFileReference; includeInIndex = 1; lastKnownFileType = text.xcconfig; name = "Pods-Tiny Contacts.release.xcconfig"; path = "Target Support Files/Pods-Tiny Contacts/Pods-Tiny Contacts.release.xcconfig"; sourceTree = "<group>"; };
		27BAB84CAC522A319BA9CE62 /* Pods_Tiny_ContactsTests.framework */ = {isa = PBXFileReference; explicitFileType = wrapper.framework; includeInIndex = 0; path = Pods_Tiny_ContactsTests.framework; sourceTree = BUILT_PRODUCTS_DIR; };
		6D0259806D6344CFFB50EC83 /* Pods-Tiny ContactsTests.release.xcconfig */ = {isa = PBXFileReference; includeInIndex = 1; lastKnownFileType = text.xcconfig; name = "Pods-Tiny ContactsTests.release.xcconfig"; path = "Target Support Files/Pods-Tiny ContactsTests/Pods-Tiny ContactsTests.release.xcconfig"; sourceTree = "<group>"; };
		AB0668BC227EC5BB0090B1CC /* Tiny Contacts.app */ = {isa = PBXFileReference; explicitFileType = wrapper.application; includeInIndex = 0; path = "Tiny Contacts.app"; sourceTree = BUILT_PRODUCTS_DIR; };
		AB0668BF227EC5BB0090B1CC /* AppDelegate.swift */ = {isa = PBXFileReference; lastKnownFileType = sourcecode.swift; path = AppDelegate.swift; sourceTree = "<group>"; };
		AB0668C1227EC5BB0090B1CC /* ContactsViewController.swift */ = {isa = PBXFileReference; lastKnownFileType = sourcecode.swift; path = ContactsViewController.swift; sourceTree = "<group>"; };
		AB0668C4227EC5BB0090B1CC /* Base */ = {isa = PBXFileReference; lastKnownFileType = file.storyboard; name = Base; path = Base.lproj/Main.storyboard; sourceTree = "<group>"; };
		AB0668C7227EC5BB0090B1CC /* Tiny_Contacts.xcdatamodel */ = {isa = PBXFileReference; lastKnownFileType = wrapper.xcdatamodel; path = Tiny_Contacts.xcdatamodel; sourceTree = "<group>"; };
		AB0668C9227EC5BD0090B1CC /* Assets.xcassets */ = {isa = PBXFileReference; lastKnownFileType = folder.assetcatalog; path = Assets.xcassets; sourceTree = "<group>"; };
		AB0668CC227EC5BD0090B1CC /* Base */ = {isa = PBXFileReference; lastKnownFileType = file.storyboard; name = Base; path = Base.lproj/LaunchScreen.storyboard; sourceTree = "<group>"; };
		AB0668CE227EC5BD0090B1CC /* Info.plist */ = {isa = PBXFileReference; lastKnownFileType = text.plist.xml; path = Info.plist; sourceTree = "<group>"; };
		AB0668D3227EC5BD0090B1CC /* Tiny ContactsTests.xctest */ = {isa = PBXFileReference; explicitFileType = wrapper.cfbundle; includeInIndex = 0; path = "Tiny ContactsTests.xctest"; sourceTree = BUILT_PRODUCTS_DIR; };
		AB0668D7227EC5BD0090B1CC /* Tiny_ContactsTests.swift */ = {isa = PBXFileReference; lastKnownFileType = sourcecode.swift; path = Tiny_ContactsTests.swift; sourceTree = "<group>"; };
		AB0668D9227EC5BD0090B1CC /* Info.plist */ = {isa = PBXFileReference; lastKnownFileType = text.plist.xml; path = Info.plist; sourceTree = "<group>"; };
		AB0668E3227ED0F90090B1CC /* SearchbarExtensions.swift */ = {isa = PBXFileReference; lastKnownFileType = sourcecode.swift; path = SearchbarExtensions.swift; sourceTree = "<group>"; };
		AB0668E5227F6C700090B1CC /* ContactHeaderView.swift */ = {isa = PBXFileReference; lastKnownFileType = sourcecode.swift; path = ContactHeaderView.swift; sourceTree = "<group>"; };
		AB0668E72280BC180090B1CC /* ContactViewCell.swift */ = {isa = PBXFileReference; lastKnownFileType = sourcecode.swift; path = ContactViewCell.swift; sourceTree = "<group>"; };
		AB4D89A72285949E0038090F /* ContactDataGenerator.swift */ = {isa = PBXFileReference; lastKnownFileType = sourcecode.swift; path = ContactDataGenerator.swift; sourceTree = "<group>"; };
		AB4D89AC22859A230038090F /* DateExtension.swift */ = {isa = PBXFileReference; lastKnownFileType = sourcecode.swift; path = DateExtension.swift; sourceTree = "<group>"; };
		AB4D89AE22859A580038090F /* IntExtension.swift */ = {isa = PBXFileReference; lastKnownFileType = sourcecode.swift; path = IntExtension.swift; sourceTree = "<group>"; };
		AB4D89B02285A26E0038090F /* Email+CoreDataProperties.swift */ = {isa = PBXFileReference; lastKnownFileType = sourcecode.swift; name = "Email+CoreDataProperties.swift"; path = "/Users/kalkie/cus/simpletechture/GetSwiftyPart2/Homework Assignment #4/Tiny Contacts/Tiny Contacts/Data/Email+CoreDataProperties.swift"; sourceTree = "<absolute>"; };
		AB4D89B12285A26E0038090F /* Email+CoreDataClass.swift */ = {isa = PBXFileReference; lastKnownFileType = sourcecode.swift; name = "Email+CoreDataClass.swift"; path = "/Users/kalkie/cus/simpletechture/GetSwiftyPart2/Homework Assignment #4/Tiny Contacts/Tiny Contacts/Data/Email+CoreDataClass.swift"; sourceTree = "<absolute>"; };
		AB4D89B22285A26E0038090F /* Contact+CoreDataProperties.swift */ = {isa = PBXFileReference; lastKnownFileType = sourcecode.swift; name = "Contact+CoreDataProperties.swift"; path = "/Users/kalkie/cus/simpletechture/GetSwiftyPart2/Homework Assignment #4/Tiny Contacts/Tiny Contacts/Data/Contact+CoreDataProperties.swift"; sourceTree = "<absolute>"; };
		AB4D89B32285A26E0038090F /* Contact+CoreDataClass.swift */ = {isa = PBXFileReference; lastKnownFileType = sourcecode.swift; name = "Contact+CoreDataClass.swift"; path = "/Users/kalkie/cus/simpletechture/GetSwiftyPart2/Homework Assignment #4/Tiny Contacts/Tiny Contacts/Data/Contact+CoreDataClass.swift"; sourceTree = "<absolute>"; };
		AB4D89B42285A26E0038090F /* Phone+CoreDataClass.swift */ = {isa = PBXFileReference; lastKnownFileType = sourcecode.swift; name = "Phone+CoreDataClass.swift"; path = "/Users/kalkie/cus/simpletechture/GetSwiftyPart2/Homework Assignment #4/Tiny Contacts/Tiny Contacts/Data/Phone+CoreDataClass.swift"; sourceTree = "<absolute>"; };
		AB4D89B52285A26E0038090F /* Phone+CoreDataProperties.swift */ = {isa = PBXFileReference; lastKnownFileType = sourcecode.swift; name = "Phone+CoreDataProperties.swift"; path = "/Users/kalkie/cus/simpletechture/GetSwiftyPart2/Homework Assignment #4/Tiny Contacts/Tiny Contacts/Data/Phone+CoreDataProperties.swift"; sourceTree = "<absolute>"; };
		AB4D89BC2285AA7E0038090F /* UIViewExtensions.swift */ = {isa = PBXFileReference; lastKnownFileType = sourcecode.swift; path = UIViewExtensions.swift; sourceTree = "<group>"; };
		ABF47EBF228C83ED00AFE222 /* FlowLayout.swift */ = {isa = PBXFileReference; lastKnownFileType = sourcecode.swift; path = FlowLayout.swift; sourceTree = "<group>"; };
		AD890A5E55A1B36D9236B98A /* Pods-Tiny ContactsTests.debug.xcconfig */ = {isa = PBXFileReference; includeInIndex = 1; lastKnownFileType = text.xcconfig; name = "Pods-Tiny ContactsTests.debug.xcconfig"; path = "Target Support Files/Pods-Tiny ContactsTests/Pods-Tiny ContactsTests.debug.xcconfig"; sourceTree = "<group>"; };
/* End PBXFileReference section */

/* Begin PBXFrameworksBuildPhase section */
		AB0668B9227EC5BB0090B1CC /* Frameworks */ = {
			isa = PBXFrameworksBuildPhase;
			buildActionMask = 2147483647;
			files = (
				A58154CF2A85017DAACF8514 /* Pods_Tiny_Contacts.framework in Frameworks */,
			);
			runOnlyForDeploymentPostprocessing = 0;
		};
		AB0668D0227EC5BD0090B1CC /* Frameworks */ = {
			isa = PBXFrameworksBuildPhase;
			buildActionMask = 2147483647;
			files = (
				897951A27417974C2CAC05B0 /* Pods_Tiny_ContactsTests.framework in Frameworks */,
			);
			runOnlyForDeploymentPostprocessing = 0;
		};
/* End PBXFrameworksBuildPhase section */

/* Begin PBXGroup section */
		812C487A4A2B97BD9F32B98E /* Frameworks */ = {
			isa = PBXGroup;
			children = (
				0831885AED32ED9A84A1393D /* Pods_Tiny_Contacts.framework */,
				27BAB84CAC522A319BA9CE62 /* Pods_Tiny_ContactsTests.framework */,
			);
			name = Frameworks;
			sourceTree = "<group>";
		};
		AB0668B3227EC5BB0090B1CC = {
			isa = PBXGroup;
			children = (
				AB0668BE227EC5BB0090B1CC /* Tiny Contacts */,
				AB0668D6227EC5BD0090B1CC /* Tiny ContactsTests */,
				AB0668BD227EC5BB0090B1CC /* Products */,
				C9225817EC98E92524234452 /* Pods */,
				812C487A4A2B97BD9F32B98E /* Frameworks */,
			);
			sourceTree = "<group>";
		};
		AB0668BD227EC5BB0090B1CC /* Products */ = {
			isa = PBXGroup;
			children = (
				AB0668BC227EC5BB0090B1CC /* Tiny Contacts.app */,
				AB0668D3227EC5BD0090B1CC /* Tiny ContactsTests.xctest */,
			);
			name = Products;
			sourceTree = "<group>";
		};
		AB0668BE227EC5BB0090B1CC /* Tiny Contacts */ = {
			isa = PBXGroup;
			children = (
				ABF47EBE228C837C00AFE222 /* Layout */,
				AB4D89AB22859A060038090F /* Extensions */,
				AB4D898B22857E260038090F /* Data */,
				AB0668E2227ED0E30090B1CC /* UI */,
				AB0668BF227EC5BB0090B1CC /* AppDelegate.swift */,
				AB0668C1227EC5BB0090B1CC /* ContactsViewController.swift */,
				AB0668C3227EC5BB0090B1CC /* Main.storyboard */,
				AB0668C9227EC5BD0090B1CC /* Assets.xcassets */,
				AB0668CB227EC5BD0090B1CC /* LaunchScreen.storyboard */,
				AB0668CE227EC5BD0090B1CC /* Info.plist */,
				AB0668E5227F6C700090B1CC /* ContactHeaderView.swift */,
				AB0668E72280BC180090B1CC /* ContactViewCell.swift */,
			);
			path = "Tiny Contacts";
			sourceTree = "<group>";
		};
		AB0668D6227EC5BD0090B1CC /* Tiny ContactsTests */ = {
			isa = PBXGroup;
			children = (
				AB0668D7227EC5BD0090B1CC /* Tiny_ContactsTests.swift */,
				AB0668D9227EC5BD0090B1CC /* Info.plist */,
			);
			path = "Tiny ContactsTests";
			sourceTree = "<group>";
		};
		AB0668E2227ED0E30090B1CC /* UI */ = {
			isa = PBXGroup;
			children = (
				AB0668E3227ED0F90090B1CC /* SearchbarExtensions.swift */,
			);
			path = UI;
			sourceTree = "<group>";
		};
		AB4D898B22857E260038090F /* Data */ = {
			isa = PBXGroup;
			children = (
				AB4D89B32285A26E0038090F /* Contact+CoreDataClass.swift */,
				AB4D89B22285A26E0038090F /* Contact+CoreDataProperties.swift */,
				AB4D89B12285A26E0038090F /* Email+CoreDataClass.swift */,
				AB4D89B02285A26E0038090F /* Email+CoreDataProperties.swift */,
				AB4D89B42285A26E0038090F /* Phone+CoreDataClass.swift */,
				AB4D89B52285A26E0038090F /* Phone+CoreDataProperties.swift */,
				AB0668C6227EC5BB0090B1CC /* Tiny_Contacts.xcdatamodeld */,
				AB4D89A72285949E0038090F /* ContactDataGenerator.swift */,
			);
			path = Data;
			sourceTree = "<group>";
		};
		AB4D89AB22859A060038090F /* Extensions */ = {
			isa = PBXGroup;
			children = (
				AB4D89AC22859A230038090F /* DateExtension.swift */,
				AB4D89AE22859A580038090F /* IntExtension.swift */,
				AB4D89BC2285AA7E0038090F /* UIViewExtensions.swift */,
			);
			path = Extensions;
			sourceTree = "<group>";
		};
		ABF47EBE228C837C00AFE222 /* Layout */ = {
			isa = PBXGroup;
			children = (
				ABF47EBF228C83ED00AFE222 /* FlowLayout.swift */,
			);
			path = Layout;
			sourceTree = "<group>";
		};
		C9225817EC98E92524234452 /* Pods */ = {
			isa = PBXGroup;
			children = (
				1C5A8DC02053863C1B84F818 /* Pods-Tiny Contacts.debug.xcconfig */,
				24F26385130A40F33D485390 /* Pods-Tiny Contacts.release.xcconfig */,
				AD890A5E55A1B36D9236B98A /* Pods-Tiny ContactsTests.debug.xcconfig */,
				6D0259806D6344CFFB50EC83 /* Pods-Tiny ContactsTests.release.xcconfig */,
			);
			path = Pods;
			sourceTree = "<group>";
		};
/* End PBXGroup section */

/* Begin PBXNativeTarget section */
		AB0668BB227EC5BB0090B1CC /* Tiny Contacts */ = {
			isa = PBXNativeTarget;
			buildConfigurationList = AB0668DC227EC5BD0090B1CC /* Build configuration list for PBXNativeTarget "Tiny Contacts" */;
			buildPhases = (
				F41ED9404713E1935A3C1CFB /* [CP] Check Pods Manifest.lock */,
				AB0668B8227EC5BB0090B1CC /* Sources */,
				AB0668B9227EC5BB0090B1CC /* Frameworks */,
				AB0668BA227EC5BB0090B1CC /* Resources */,
				3B6A2AEF890DAA8D5A94A7D7 /* [CP] Embed Pods Frameworks */,
			);
			buildRules = (
			);
			dependencies = (
			);
			name = "Tiny Contacts";
			productName = "Tiny Contacts";
			productReference = AB0668BC227EC5BB0090B1CC /* Tiny Contacts.app */;
			productType = "com.apple.product-type.application";
		};
		AB0668D2227EC5BD0090B1CC /* Tiny ContactsTests */ = {
			isa = PBXNativeTarget;
			buildConfigurationList = AB0668DF227EC5BD0090B1CC /* Build configuration list for PBXNativeTarget "Tiny ContactsTests" */;
			buildPhases = (
				5AE1E298CE03C7C4EB2B5451 /* [CP] Check Pods Manifest.lock */,
				AB0668CF227EC5BD0090B1CC /* Sources */,
				AB0668D0227EC5BD0090B1CC /* Frameworks */,
				AB0668D1227EC5BD0090B1CC /* Resources */,
			);
			buildRules = (
			);
			dependencies = (
				AB0668D5227EC5BD0090B1CC /* PBXTargetDependency */,
			);
			name = "Tiny ContactsTests";
			productName = "Tiny ContactsTests";
			productReference = AB0668D3227EC5BD0090B1CC /* Tiny ContactsTests.xctest */;
			productType = "com.apple.product-type.bundle.unit-test";
		};
/* End PBXNativeTarget section */

/* Begin PBXProject section */
		AB0668B4227EC5BB0090B1CC /* Project object */ = {
			isa = PBXProject;
			attributes = {
				LastSwiftUpdateCheck = 1020;
				LastUpgradeCheck = 1020;
				ORGANIZATIONNAME = SimpleTechture;
				TargetAttributes = {
					AB0668BB227EC5BB0090B1CC = {
						CreatedOnToolsVersion = 10.2.1;
					};
					AB0668D2227EC5BD0090B1CC = {
						CreatedOnToolsVersion = 10.2.1;
						TestTargetID = AB0668BB227EC5BB0090B1CC;
					};
				};
			};
			buildConfigurationList = AB0668B7227EC5BB0090B1CC /* Build configuration list for PBXProject "Tiny Contacts" */;
			compatibilityVersion = "Xcode 9.3";
			developmentRegion = en;
			hasScannedForEncodings = 0;
			knownRegions = (
				en,
				Base,
			);
			mainGroup = AB0668B3227EC5BB0090B1CC;
			productRefGroup = AB0668BD227EC5BB0090B1CC /* Products */;
			projectDirPath = "";
			projectRoot = "";
			targets = (
				AB0668BB227EC5BB0090B1CC /* Tiny Contacts */,
				AB0668D2227EC5BD0090B1CC /* Tiny ContactsTests */,
			);
		};
/* End PBXProject section */

/* Begin PBXResourcesBuildPhase section */
		AB0668BA227EC5BB0090B1CC /* Resources */ = {
			isa = PBXResourcesBuildPhase;
			buildActionMask = 2147483647;
			files = (
				AB0668CD227EC5BD0090B1CC /* LaunchScreen.storyboard in Resources */,
				AB0668CA227EC5BD0090B1CC /* Assets.xcassets in Resources */,
				AB0668C5227EC5BB0090B1CC /* Main.storyboard in Resources */,
			);
			runOnlyForDeploymentPostprocessing = 0;
		};
		AB0668D1227EC5BD0090B1CC /* Resources */ = {
			isa = PBXResourcesBuildPhase;
			buildActionMask = 2147483647;
			files = (
			);
			runOnlyForDeploymentPostprocessing = 0;
		};
/* End PBXResourcesBuildPhase section */

/* Begin PBXShellScriptBuildPhase section */
		3B6A2AEF890DAA8D5A94A7D7 /* [CP] Embed Pods Frameworks */ = {
			isa = PBXShellScriptBuildPhase;
			buildActionMask = 2147483647;
			files = (
			);
			inputFileListPaths = (
			);
			inputPaths = (
				"${PODS_ROOT}/Target Support Files/Pods-Tiny Contacts/Pods-Tiny Contacts-frameworks.sh",
				"${BUILT_PRODUCTS_DIR}/FontAwesome.swift/FontAwesome_swift.framework",
			);
			name = "[CP] Embed Pods Frameworks";
			outputFileListPaths = (
			);
			outputPaths = (
				"${TARGET_BUILD_DIR}/${FRAMEWORKS_FOLDER_PATH}/FontAwesome_swift.framework",
			);
			runOnlyForDeploymentPostprocessing = 0;
			shellPath = /bin/sh;
			shellScript = "\"${PODS_ROOT}/Target Support Files/Pods-Tiny Contacts/Pods-Tiny Contacts-frameworks.sh\"\n";
			showEnvVarsInLog = 0;
		};
		5AE1E298CE03C7C4EB2B5451 /* [CP] Check Pods Manifest.lock */ = {
			isa = PBXShellScriptBuildPhase;
			buildActionMask = 2147483647;
			files = (
			);
			inputFileListPaths = (
			);
			inputPaths = (
				"${PODS_PODFILE_DIR_PATH}/Podfile.lock",
				"${PODS_ROOT}/Manifest.lock",
			);
			name = "[CP] Check Pods Manifest.lock";
			outputFileListPaths = (
			);
			outputPaths = (
				"$(DERIVED_FILE_DIR)/Pods-Tiny ContactsTests-checkManifestLockResult.txt",
			);
			runOnlyForDeploymentPostprocessing = 0;
			shellPath = /bin/sh;
			shellScript = "diff \"${PODS_PODFILE_DIR_PATH}/Podfile.lock\" \"${PODS_ROOT}/Manifest.lock\" > /dev/null\nif [ $? != 0 ] ; then\n    # print error to STDERR\n    echo \"error: The sandbox is not in sync with the Podfile.lock. Run 'pod install' or update your CocoaPods installation.\" >&2\n    exit 1\nfi\n# This output is used by Xcode 'outputs' to avoid re-running this script phase.\necho \"SUCCESS\" > \"${SCRIPT_OUTPUT_FILE_0}\"\n";
			showEnvVarsInLog = 0;
		};
		F41ED9404713E1935A3C1CFB /* [CP] Check Pods Manifest.lock */ = {
			isa = PBXShellScriptBuildPhase;
			buildActionMask = 2147483647;
			files = (
			);
			inputFileListPaths = (
			);
			inputPaths = (
				"${PODS_PODFILE_DIR_PATH}/Podfile.lock",
				"${PODS_ROOT}/Manifest.lock",
			);
			name = "[CP] Check Pods Manifest.lock";
			outputFileListPaths = (
			);
			outputPaths = (
				"$(DERIVED_FILE_DIR)/Pods-Tiny Contacts-checkManifestLockResult.txt",
			);
			runOnlyForDeploymentPostprocessing = 0;
			shellPath = /bin/sh;
			shellScript = "diff \"${PODS_PODFILE_DIR_PATH}/Podfile.lock\" \"${PODS_ROOT}/Manifest.lock\" > /dev/null\nif [ $? != 0 ] ; then\n    # print error to STDERR\n    echo \"error: The sandbox is not in sync with the Podfile.lock. Run 'pod install' or update your CocoaPods installation.\" >&2\n    exit 1\nfi\n# This output is used by Xcode 'outputs' to avoid re-running this script phase.\necho \"SUCCESS\" > \"${SCRIPT_OUTPUT_FILE_0}\"\n";
			showEnvVarsInLog = 0;
		};
/* End PBXShellScriptBuildPhase section */

/* Begin PBXSourcesBuildPhase section */
		AB0668B8227EC5BB0090B1CC /* Sources */ = {
			isa = PBXSourcesBuildPhase;
			buildActionMask = 2147483647;
			files = (
				AB4D89B72285A26E0038090F /* Email+CoreDataClass.swift in Sources */,
				AB4D89AD22859A230038090F /* DateExtension.swift in Sources */,
				AB0668C8227EC5BB0090B1CC /* Tiny_Contacts.xcdatamodeld in Sources */,
				AB4D89BB2285A26E0038090F /* Contact+CoreDataProperties.swift in Sources */,
				AB0668C2227EC5BB0090B1CC /* ContactsViewController.swift in Sources */,
				AB0668C0227EC5BB0090B1CC /* AppDelegate.swift in Sources */,
				AB0668E6227F6C700090B1CC /* ContactHeaderView.swift in Sources */,
				AB4D89AF22859A580038090F /* IntExtension.swift in Sources */,
				AB0668E4227ED0F90090B1CC /* SearchbarExtensions.swift in Sources */,
				ABF47EC0228C83ED00AFE222 /* FlowLayout.swift in Sources */,
				AB4D89A82285949E0038090F /* ContactDataGenerator.swift in Sources */,
				AB4D89BD2285AA7E0038090F /* UIViewExtensions.swift in Sources */,
				AB4D89B62285A26E0038090F /* Email+CoreDataProperties.swift in Sources */,
				AB4D89BA2285A26E0038090F /* Phone+CoreDataClass.swift in Sources */,
				AB4D89B82285A26E0038090F /* Contact+CoreDataClass.swift in Sources */,
				AB0668E82280BC180090B1CC /* ContactViewCell.swift in Sources */,
				AB4D89B92285A26E0038090F /* Phone+CoreDataProperties.swift in Sources */,
			);
			runOnlyForDeploymentPostprocessing = 0;
		};
		AB0668CF227EC5BD0090B1CC /* Sources */ = {
			isa = PBXSourcesBuildPhase;
			buildActionMask = 2147483647;
			files = (
				AB0668D8227EC5BD0090B1CC /* Tiny_ContactsTests.swift in Sources */,
			);
			runOnlyForDeploymentPostprocessing = 0;
		};
/* End PBXSourcesBuildPhase section */

/* Begin PBXTargetDependency section */
		AB0668D5227EC5BD0090B1CC /* PBXTargetDependency */ = {
			isa = PBXTargetDependency;
			target = AB0668BB227EC5BB0090B1CC /* Tiny Contacts */;
			targetProxy = AB0668D4227EC5BD0090B1CC /* PBXContainerItemProxy */;
		};
/* End PBXTargetDependency section */

/* Begin PBXVariantGroup section */
		AB0668C3227EC5BB0090B1CC /* Main.storyboard */ = {
			isa = PBXVariantGroup;
			children = (
				AB0668C4227EC5BB0090B1CC /* Base */,
			);
			name = Main.storyboard;
			sourceTree = "<group>";
		};
		AB0668CB227EC5BD0090B1CC /* LaunchScreen.storyboard */ = {
			isa = PBXVariantGroup;
			children = (
				AB0668CC227EC5BD0090B1CC /* Base */,
			);
			name = LaunchScreen.storyboard;
			sourceTree = "<group>";
		};
/* End PBXVariantGroup section */

/* Begin XCBuildConfiguration section */
		AB0668DA227EC5BD0090B1CC /* Debug */ = {
			isa = XCBuildConfiguration;
			buildSettings = {
				ALWAYS_SEARCH_USER_PATHS = NO;
				CLANG_ANALYZER_NONNULL = YES;
				CLANG_ANALYZER_NUMBER_OBJECT_CONVERSION = YES_AGGRESSIVE;
				CLANG_CXX_LANGUAGE_STANDARD = "gnu++14";
				CLANG_CXX_LIBRARY = "libc++";
				CLANG_ENABLE_MODULES = YES;
				CLANG_ENABLE_OBJC_ARC = YES;
				CLANG_ENABLE_OBJC_WEAK = YES;
				CLANG_WARN_BLOCK_CAPTURE_AUTORELEASING = YES;
				CLANG_WARN_BOOL_CONVERSION = YES;
				CLANG_WARN_COMMA = YES;
				CLANG_WARN_CONSTANT_CONVERSION = YES;
				CLANG_WARN_DEPRECATED_OBJC_IMPLEMENTATIONS = YES;
				CLANG_WARN_DIRECT_OBJC_ISA_USAGE = YES_ERROR;
				CLANG_WARN_DOCUMENTATION_COMMENTS = YES;
				CLANG_WARN_EMPTY_BODY = YES;
				CLANG_WARN_ENUM_CONVERSION = YES;
				CLANG_WARN_INFINITE_RECURSION = YES;
				CLANG_WARN_INT_CONVERSION = YES;
				CLANG_WARN_NON_LITERAL_NULL_CONVERSION = YES;
				CLANG_WARN_OBJC_IMPLICIT_RETAIN_SELF = YES;
				CLANG_WARN_OBJC_LITERAL_CONVERSION = YES;
				CLANG_WARN_OBJC_ROOT_CLASS = YES_ERROR;
				CLANG_WARN_RANGE_LOOP_ANALYSIS = YES;
				CLANG_WARN_STRICT_PROTOTYPES = YES;
				CLANG_WARN_SUSPICIOUS_MOVE = YES;
				CLANG_WARN_UNGUARDED_AVAILABILITY = YES_AGGRESSIVE;
				CLANG_WARN_UNREACHABLE_CODE = YES;
				CLANG_WARN__DUPLICATE_METHOD_MATCH = YES;
				CODE_SIGN_IDENTITY = "iPhone Developer";
				COPY_PHASE_STRIP = NO;
				DEBUG_INFORMATION_FORMAT = dwarf;
				ENABLE_STRICT_OBJC_MSGSEND = YES;
				ENABLE_TESTABILITY = YES;
				GCC_C_LANGUAGE_STANDARD = gnu11;
				GCC_DYNAMIC_NO_PIC = NO;
				GCC_NO_COMMON_BLOCKS = YES;
				GCC_OPTIMIZATION_LEVEL = 0;
				GCC_PREPROCESSOR_DEFINITIONS = (
					"DEBUG=1",
					"$(inherited)",
				);
				GCC_WARN_64_TO_32_BIT_CONVERSION = YES;
				GCC_WARN_ABOUT_RETURN_TYPE = YES_ERROR;
				GCC_WARN_UNDECLARED_SELECTOR = YES;
				GCC_WARN_UNINITIALIZED_AUTOS = YES_AGGRESSIVE;
				GCC_WARN_UNUSED_FUNCTION = YES;
				GCC_WARN_UNUSED_VARIABLE = YES;
				IPHONEOS_DEPLOYMENT_TARGET = 12.2;
				MTL_ENABLE_DEBUG_INFO = INCLUDE_SOURCE;
				MTL_FAST_MATH = YES;
				ONLY_ACTIVE_ARCH = YES;
				SDKROOT = iphoneos;
				SWIFT_ACTIVE_COMPILATION_CONDITIONS = DEBUG;
				SWIFT_OPTIMIZATION_LEVEL = "-Onone";
			};
			name = Debug;
		};
		AB0668DB227EC5BD0090B1CC /* Release */ = {
			isa = XCBuildConfiguration;
			buildSettings = {
				ALWAYS_SEARCH_USER_PATHS = NO;
				CLANG_ANALYZER_NONNULL = YES;
				CLANG_ANALYZER_NUMBER_OBJECT_CONVERSION = YES_AGGRESSIVE;
				CLANG_CXX_LANGUAGE_STANDARD = "gnu++14";
				CLANG_CXX_LIBRARY = "libc++";
				CLANG_ENABLE_MODULES = YES;
				CLANG_ENABLE_OBJC_ARC = YES;
				CLANG_ENABLE_OBJC_WEAK = YES;
				CLANG_WARN_BLOCK_CAPTURE_AUTORELEASING = YES;
				CLANG_WARN_BOOL_CONVERSION = YES;
				CLANG_WARN_COMMA = YES;
				CLANG_WARN_CONSTANT_CONVERSION = YES;
				CLANG_WARN_DEPRECATED_OBJC_IMPLEMENTATIONS = YES;
				CLANG_WARN_DIRECT_OBJC_ISA_USAGE = YES_ERROR;
				CLANG_WARN_DOCUMENTATION_COMMENTS = YES;
				CLANG_WARN_EMPTY_BODY = YES;
				CLANG_WARN_ENUM_CONVERSION = YES;
				CLANG_WARN_INFINITE_RECURSION = YES;
				CLANG_WARN_INT_CONVERSION = YES;
				CLANG_WARN_NON_LITERAL_NULL_CONVERSION = YES;
				CLANG_WARN_OBJC_IMPLICIT_RETAIN_SELF = YES;
				CLANG_WARN_OBJC_LITERAL_CONVERSION = YES;
				CLANG_WARN_OBJC_ROOT_CLASS = YES_ERROR;
				CLANG_WARN_RANGE_LOOP_ANALYSIS = YES;
				CLANG_WARN_STRICT_PROTOTYPES = YES;
				CLANG_WARN_SUSPICIOUS_MOVE = YES;
				CLANG_WARN_UNGUARDED_AVAILABILITY = YES_AGGRESSIVE;
				CLANG_WARN_UNREACHABLE_CODE = YES;
				CLANG_WARN__DUPLICATE_METHOD_MATCH = YES;
				CODE_SIGN_IDENTITY = "iPhone Developer";
				COPY_PHASE_STRIP = NO;
				DEBUG_INFORMATION_FORMAT = "dwarf-with-dsym";
				ENABLE_NS_ASSERTIONS = NO;
				ENABLE_STRICT_OBJC_MSGSEND = YES;
				GCC_C_LANGUAGE_STANDARD = gnu11;
				GCC_NO_COMMON_BLOCKS = YES;
				GCC_WARN_64_TO_32_BIT_CONVERSION = YES;
				GCC_WARN_ABOUT_RETURN_TYPE = YES_ERROR;
				GCC_WARN_UNDECLARED_SELECTOR = YES;
				GCC_WARN_UNINITIALIZED_AUTOS = YES_AGGRESSIVE;
				GCC_WARN_UNUSED_FUNCTION = YES;
				GCC_WARN_UNUSED_VARIABLE = YES;
				IPHONEOS_DEPLOYMENT_TARGET = 12.2;
				MTL_ENABLE_DEBUG_INFO = NO;
				MTL_FAST_MATH = YES;
				SDKROOT = iphoneos;
				SWIFT_COMPILATION_MODE = wholemodule;
				SWIFT_OPTIMIZATION_LEVEL = "-O";
				VALIDATE_PRODUCT = YES;
			};
			name = Release;
		};
		AB0668DD227EC5BD0090B1CC /* Debug */ = {
			isa = XCBuildConfiguration;
			baseConfigurationReference = 1C5A8DC02053863C1B84F818 /* Pods-Tiny Contacts.debug.xcconfig */;
			buildSettings = {
				ASSETCATALOG_COMPILER_APPICON_NAME = AppIcon;
				CODE_SIGN_STYLE = Automatic;
				DEVELOPMENT_TEAM = PF64NZ9WG6;
				INFOPLIST_FILE = "Tiny Contacts/Info.plist";
				LD_RUNPATH_SEARCH_PATHS = (
					"$(inherited)",
					"@executable_path/Frameworks",
				);
				PRODUCT_BUNDLE_IDENTIFIER = "nl.simpletechture.Tiny-Contacts";
				PRODUCT_NAME = "$(TARGET_NAME)";
				SWIFT_VERSION = 5.0;
				TARGETED_DEVICE_FAMILY = "1,2";
			};
			name = Debug;
		};
		AB0668DE227EC5BD0090B1CC /* Release */ = {
			isa = XCBuildConfiguration;
			baseConfigurationReference = 24F26385130A40F33D485390 /* Pods-Tiny Contacts.release.xcconfig */;
			buildSettings = {
				ASSETCATALOG_COMPILER_APPICON_NAME = AppIcon;
				CODE_SIGN_STYLE = Automatic;
				DEVELOPMENT_TEAM = PF64NZ9WG6;
				INFOPLIST_FILE = "Tiny Contacts/Info.plist";
				LD_RUNPATH_SEARCH_PATHS = (
					"$(inherited)",
					"@executable_path/Frameworks",
				);
				PRODUCT_BUNDLE_IDENTIFIER = "nl.simpletechture.Tiny-Contacts";
				PRODUCT_NAME = "$(TARGET_NAME)";
				SWIFT_VERSION = 5.0;
				TARGETED_DEVICE_FAMILY = "1,2";
			};
			name = Release;
		};
		AB0668E0227EC5BD0090B1CC /* Debug */ = {
			isa = XCBuildConfiguration;
			baseConfigurationReference = AD890A5E55A1B36D9236B98A /* Pods-Tiny ContactsTests.debug.xcconfig */;
			buildSettings = {
				ALWAYS_EMBED_SWIFT_STANDARD_LIBRARIES = YES;
				BUNDLE_LOADER = "$(TEST_HOST)";
				CODE_SIGN_STYLE = Automatic;
				DEVELOPMENT_TEAM = PF64NZ9WG6;
				INFOPLIST_FILE = "Tiny ContactsTests/Info.plist";
				LD_RUNPATH_SEARCH_PATHS = (
					"$(inherited)",
					"@executable_path/Frameworks",
					"@loader_path/Frameworks",
				);
				PRODUCT_BUNDLE_IDENTIFIER = "nl.simpletechture.Tiny-ContactsTests";
				PRODUCT_NAME = "$(TARGET_NAME)";
				SWIFT_VERSION = 5.0;
				TARGETED_DEVICE_FAMILY = "1,2";
				TEST_HOST = "$(BUILT_PRODUCTS_DIR)/Tiny Contacts.app/Tiny Contacts";
			};
			name = Debug;
		};
		AB0668E1227EC5BD0090B1CC /* Release */ = {
			isa = XCBuildConfiguration;
			baseConfigurationReference = 6D0259806D6344CFFB50EC83 /* Pods-Tiny ContactsTests.release.xcconfig */;
			buildSettings = {
				ALWAYS_EMBED_SWIFT_STANDARD_LIBRARIES = YES;
				BUNDLE_LOADER = "$(TEST_HOST)";
				CODE_SIGN_STYLE = Automatic;
				DEVELOPMENT_TEAM = PF64NZ9WG6;
				INFOPLIST_FILE = "Tiny ContactsTests/Info.plist";
				LD_RUNPATH_SEARCH_PATHS = (
					"$(inherited)",
					"@executable_path/Frameworks",
					"@loader_path/Frameworks",
				);
				PRODUCT_BUNDLE_IDENTIFIER = "nl.simpletechture.Tiny-ContactsTests";
				PRODUCT_NAME = "$(TARGET_NAME)";
				SWIFT_VERSION = 5.0;
				TARGETED_DEVICE_FAMILY = "1,2";
				TEST_HOST = "$(BUILT_PRODUCTS_DIR)/Tiny Contacts.app/Tiny Contacts";
			};
			name = Release;
		};
/* End XCBuildConfiguration section */

/* Begin XCConfigurationList section */
		AB0668B7227EC5BB0090B1CC /* Build configuration list for PBXProject "Tiny Contacts" */ = {
			isa = XCConfigurationList;
			buildConfigurations = (
				AB0668DA227EC5BD0090B1CC /* Debug */,
				AB0668DB227EC5BD0090B1CC /* Release */,
			);
			defaultConfigurationIsVisible = 0;
			defaultConfigurationName = Release;
		};
		AB0668DC227EC5BD0090B1CC /* Build configuration list for PBXNativeTarget "Tiny Contacts" */ = {
			isa = XCConfigurationList;
			buildConfigurations = (
				AB0668DD227EC5BD0090B1CC /* Debug */,
				AB0668DE227EC5BD0090B1CC /* Release */,
			);
			defaultConfigurationIsVisible = 0;
			defaultConfigurationName = Release;
		};
		AB0668DF227EC5BD0090B1CC /* Build configuration list for PBXNativeTarget "Tiny ContactsTests" */ = {
			isa = XCConfigurationList;
			buildConfigurations = (
				AB0668E0227EC5BD0090B1CC /* Debug */,
				AB0668E1227EC5BD0090B1CC /* Release */,
			);
			defaultConfigurationIsVisible = 0;
			defaultConfigurationName = Release;
		};
/* End XCConfigurationList section */

/* Begin XCVersionGroup section */
		AB0668C6227EC5BB0090B1CC /* Tiny_Contacts.xcdatamodeld */ = {
			isa = XCVersionGroup;
			children = (
				AB0668C7227EC5BB0090B1CC /* Tiny_Contacts.xcdatamodel */,
			);
			currentVersion = AB0668C7227EC5BB0090B1CC /* Tiny_Contacts.xcdatamodel */;
			path = Tiny_Contacts.xcdatamodeld;
			sourceTree = "<group>";
			versionGroupType = wrapper.xcdatamodel;
		};
/* End XCVersionGroup section */
	};
	rootObject = AB0668B4227EC5BB0090B1CC /* Project object */;
}
