PODS:
  - Hero (1.4.0)
  - MarqueeLabel/Swift (3.2.1)
  - NotificationBannerSwift (2.1.0):
    - MarqueeLabel/Swift (~> 3.2.1)
    - SnapKit (~> 4.2.0)
  - SnapKit (4.2.0)
  - SwiftState (4.1.0)
  - SwiftySound (1.0.0)

DEPENDENCIES:
  - Hero
  - NotificationBannerSwift (from `https://github.com/Daltron/NotificationBanner`)
  - SwiftState (from `https://github.com/ReactKit/SwiftState`)
  - SwiftySound

SPEC REPOS:
  https://github.com/cocoapods/specs.git:
    - Hero
    - MarqueeLabel
    - SnapKit
    - SwiftySound

EXTERNAL SOURCES:
  NotificationBannerSwift:
    :git: https://github.com/Daltron/NotificationBanner
  SwiftState:
    :git: https://github.com/ReactKit/SwiftState
    :submodules: true

CHECKOUT OPTIONS:
  NotificationBannerSwift:
    :commit: 66881029b9734ea699a0d36dc864ec63d995df6b
    :git: https://github.com/Daltron/NotificationBanner
  SwiftState:
    :commit: ed939d453fb501450a245767309c780f6420df37
    :git: https://github.com/ReactKit/SwiftState
    :submodules: true

SPEC CHECKSUMS:
  Hero: bac92350d7201a1a940003e0767c7b52ce7c99a1
  MarqueeLabel: 2daf039bf916937c8a4c9adfc13577cc5e51b4ce
  NotificationBannerSwift: 4483919639202bec56d6bfe8f106ebc352d38bc7
  SnapKit: fe8a619752f3f27075cc9a90244d75c6c3f27e2a
  SwiftState: eb4f3ca252feac9ec26235cf4374f91e0560e3a1
  SwiftySound: b9c3370956fd4ed65ed79d45563070077a50a2cd

PODFILE CHECKSUM: aa002c0e15f6831c0e662238c76ac2bafa56ac14

COCOAPODS: 1.6.1
