PODS:
  - GuillotineMenu (4.0)
  - SwiftState (4.1.0)
  - SwiftySound (1.0.0)

DEPENDENCIES:
  - GuillotineMenu
  - SwiftState (from `https://github.com/ReactKit/SwiftState`)
  - SwiftySound

SPEC REPOS:
  https://github.com/cocoapods/specs.git:
    - GuillotineMenu
    - SwiftySound

EXTERNAL SOURCES:
  SwiftState:
    :git: https://github.com/ReactKit/SwiftState
    :submodules: true

CHECKOUT OPTIONS:
  SwiftState:
    :commit: ed939d453fb501450a245767309c780f6420df37
    :git: https://github.com/ReactKit/SwiftState
    :submodules: true

SPEC CHECKSUMS:
  GuillotineMenu: 1345cc8c76e09c46b4096f37cf0cacfaee19e211
  SwiftState: eb4f3ca252feac9ec26235cf4374f91e0560e3a1
  SwiftySound: b9c3370956fd4ed65ed79d45563070077a50a2cd

PODFILE CHECKSUM: 475e5816220217c881a1d3860a49c9ca7128d875

COCOAPODS: 1.6.1
