// !$*UTF8*$!
{
	archiveVersion = 1;
	classes = {
	};
	objectVersion = 50;
	objects = {

/* Begin PBXBuildFile section */
		560722196772135F319FE866 /* Pods_Tiny_Blackjack.framework in Frameworks */ = {isa = PBXBuildFile; fileRef = 613B956073532DFBB426CA8C /* Pods_Tiny_Blackjack.framework */; };
		AB129F47224E4AF30025ECA1 /* GameStateMachine.swift in Sources */ = {isa = PBXBuildFile; fileRef = AB129F46224E4AF30025ECA1 /* GameStateMachine.swift */; };
		AB129F49224E5E780025ECA1 /* GameEvents.swift in Sources */ = {isa = PBXBuildFile; fileRef = AB129F48224E5E780025ECA1 /* GameEvents.swift */; };
		AB129F4B224E80890025ECA1 /* BlackjackProtocol.swift in Sources */ = {isa = PBXBuildFile; fileRef = AB129F4A224E80890025ECA1 /* BlackjackProtocol.swift */; };
		AB129F4D22508B960025ECA1 /* GameResultCalculator.swift in Sources */ = {isa = PBXBuildFile; fileRef = AB129F4C22508B960025ECA1 /* GameResultCalculator.swift */; };
		AB129F502250EDFB0025ECA1 /* BorderButton.swift in Sources */ = {isa = PBXBuildFile; fileRef = AB129F4F2250EDFB0025ECA1 /* BorderButton.swift */; };
		AB129F532251438C0025ECA1 /* BlackjackViewProtocol.swift in Sources */ = {isa = PBXBuildFile; fileRef = AB129F522251438C0025ECA1 /* BlackjackViewProtocol.swift */; };
		AB129F5622514F9E0025ECA1 /* CardToImageNameMapper.swift in Sources */ = {isa = PBXBuildFile; fileRef = AB129F5522514F9E0025ECA1 /* CardToImageNameMapper.swift */; };
		AB129F582255045C0025ECA1 /* UIImageViewExtension.swift in Sources */ = {isa = PBXBuildFile; fileRef = AB129F572255045C0025ECA1 /* UIImageViewExtension.swift */; };
		AB129F5A225504680025ECA1 /* Constants.swift in Sources */ = {isa = PBXBuildFile; fileRef = AB129F59225504680025ECA1 /* Constants.swift */; };
		AB129F5C225518550025ECA1 /* HandResult.swift in Sources */ = {isa = PBXBuildFile; fileRef = AB129F5B225518550025ECA1 /* HandResult.swift */; };
		AB601D5E224DF48700B140D7 /* DealerStrategyTest.swift in Sources */ = {isa = PBXBuildFile; fileRef = AB601D5D224DF48700B140D7 /* DealerStrategyTest.swift */; };
		AB97EFB722453BEB00E45E6F /* AppDelegate.swift in Sources */ = {isa = PBXBuildFile; fileRef = AB97EFB622453BEB00E45E6F /* AppDelegate.swift */; };
		AB97EFB922453BEB00E45E6F /* ViewController.swift in Sources */ = {isa = PBXBuildFile; fileRef = AB97EFB822453BEB00E45E6F /* ViewController.swift */; };
		AB97EFBC22453BEB00E45E6F /* Main.storyboard in Resources */ = {isa = PBXBuildFile; fileRef = AB97EFBA22453BEB00E45E6F /* Main.storyboard */; };
		AB97EFBF22453BEB00E45E6F /* Tiny_Blackjack.xcdatamodeld in Sources */ = {isa = PBXBuildFile; fileRef = AB97EFBD22453BEB00E45E6F /* Tiny_Blackjack.xcdatamodeld */; };
		AB97EFC122453BEC00E45E6F /* Assets.xcassets in Resources */ = {isa = PBXBuildFile; fileRef = AB97EFC022453BEC00E45E6F /* Assets.xcassets */; };
		AB97EFC422453BEC00E45E6F /* LaunchScreen.storyboard in Resources */ = {isa = PBXBuildFile; fileRef = AB97EFC222453BEC00E45E6F /* LaunchScreen.storyboard */; };
		AB97EFDA22453DA400E45E6F /* CardTest.swift in Sources */ = {isa = PBXBuildFile; fileRef = AB97EFD922453DA400E45E6F /* CardTest.swift */; };
		AB97EFDD224557D300E45E6F /* Card.swift in Sources */ = {isa = PBXBuildFile; fileRef = AB97EFDC224557D300E45E6F /* Card.swift */; };
		AB97EFDF2245580700E45E6F /* Suit.swift in Sources */ = {isa = PBXBuildFile; fileRef = AB97EFDE2245580700E45E6F /* Suit.swift */; };
		AB97EFE12245583900E45E6F /* Rank.swift in Sources */ = {isa = PBXBuildFile; fileRef = AB97EFE02245583900E45E6F /* Rank.swift */; };
		AB97EFE3224562D900E45E6F /* DeckTest.swift in Sources */ = {isa = PBXBuildFile; fileRef = AB97EFE2224562D900E45E6F /* DeckTest.swift */; };
		AB97EFE5224563FE00E45E6F /* Deck.swift in Sources */ = {isa = PBXBuildFile; fileRef = AB97EFE4224563FE00E45E6F /* Deck.swift */; };
		AB97EFE72246042D00E45E6F /* Hand.swift in Sources */ = {isa = PBXBuildFile; fileRef = AB97EFE62246042D00E45E6F /* Hand.swift */; };
		AB97EFE92246048100E45E6F /* HandTest.swift in Sources */ = {isa = PBXBuildFile; fileRef = AB97EFE82246048100E45E6F /* HandTest.swift */; };
		AB97EFEB22461CCB00E45E6F /* PlayerTest.swift in Sources */ = {isa = PBXBuildFile; fileRef = AB97EFEA22461CCB00E45E6F /* PlayerTest.swift */; };
		AB97EFED22461D6C00E45E6F /* Player.swift in Sources */ = {isa = PBXBuildFile; fileRef = AB97EFEC22461D6C00E45E6F /* Player.swift */; };
		AB97EFEF22461EFF00E45E6F /* GameEngine.swift in Sources */ = {isa = PBXBuildFile; fileRef = AB97EFEE22461EFF00E45E6F /* GameEngine.swift */; };
		AB97EFF122461FC200E45E6F /* GameTest.swift in Sources */ = {isa = PBXBuildFile; fileRef = AB97EFF022461FC200E45E6F /* GameTest.swift */; };
		AB97EFF32247562500E45E6F /* GameStates.swift in Sources */ = {isa = PBXBuildFile; fileRef = AB97EFF22247562500E45E6F /* GameStates.swift */; };
		AB97EFF522475E1200E45E6F /* GameError.swift in Sources */ = {isa = PBXBuildFile; fileRef = AB97EFF422475E1200E45E6F /* GameError.swift */; };
		AB97EFF72247683400E45E6F /* SimpleStrategy.swift in Sources */ = {isa = PBXBuildFile; fileRef = AB97EFF62247683400E45E6F /* SimpleStrategy.swift */; };
		AB97EFF92247C7CD00E45E6F /* SimpleStrategyTest.swift in Sources */ = {isa = PBXBuildFile; fileRef = AB97EFF82247C7CD00E45E6F /* SimpleStrategyTest.swift */; };
		AB97EFFD2247CBB000E45E6F /* BlackjackStrategy.swift in Sources */ = {isa = PBXBuildFile; fileRef = AB97EFFC2247CBB000E45E6F /* BlackjackStrategy.swift */; };
		AB97EFFF2247CBD400E45E6F /* ProposedAction.swift in Sources */ = {isa = PBXBuildFile; fileRef = AB97EFFE2247CBD400E45E6F /* ProposedAction.swift */; };
		AB97F0012247F95600E45E6F /* DealerStrategy.swift in Sources */ = {isa = PBXBuildFile; fileRef = AB97F0002247F95600E45E6F /* DealerStrategy.swift */; };
		AB9955012259FFB300FB9596 /* WalletTest.swift in Sources */ = {isa = PBXBuildFile; fileRef = AB9955002259FFB300FB9596 /* WalletTest.swift */; };
		AB995503225A161C00FB9596 /* Wallet.swift in Sources */ = {isa = PBXBuildFile; fileRef = AB995502225A161C00FB9596 /* Wallet.swift */; };
		AB995505225A164F00FB9596 /* Chip.swift in Sources */ = {isa = PBXBuildFile; fileRef = AB995504225A164F00FB9596 /* Chip.swift */; };
		AB995508225BBA0300FB9596 /* ValueToChipMapper.swift in Sources */ = {isa = PBXBuildFile; fileRef = AB995506225BBA0300FB9596 /* ValueToChipMapper.swift */; };
		AB995509225BBA0300FB9596 /* ChipTag.swift in Sources */ = {isa = PBXBuildFile; fileRef = AB995507225BBA0300FB9596 /* ChipTag.swift */; };
		AB99550B225BE95E00FB9596 /* AddChip.wav in Resources */ = {isa = PBXBuildFile; fileRef = AB99550A225BE95E00FB9596 /* AddChip.wav */; };
		AB99550D225D1DE200FB9596 /* Shuffle.wav in Resources */ = {isa = PBXBuildFile; fileRef = AB99550C225D1DE100FB9596 /* Shuffle.wav */; };
		AB99550F225D23A200FB9596 /* Card1.wav in Resources */ = {isa = PBXBuildFile; fileRef = AB99550E225D23A200FB9596 /* Card1.wav */; };
		AB995511225D375200FB9596 /* InitialChipsGenerator.swift in Sources */ = {isa = PBXBuildFile; fileRef = AB995510225D375200FB9596 /* InitialChipsGenerator.swift */; };
		B207F370475E8E0BB123C1AC /* Pods_Tiny_BlackjackTests.framework in Frameworks */ = {isa = PBXBuildFile; fileRef = FAA938B89E05B57953FF62A8 /* Pods_Tiny_BlackjackTests.framework */; };
/* End PBXBuildFile section */

/* Begin PBXContainerItemProxy section */
		AB97EFCB22453BEC00E45E6F /* PBXContainerItemProxy */ = {
			isa = PBXContainerItemProxy;
			containerPortal = AB97EFAB22453BEB00E45E6F /* Project object */;
			proxyType = 1;
			remoteGlobalIDString = AB97EFB222453BEB00E45E6F;
			remoteInfo = "Tiny Blackjack";
		};
/* End PBXContainerItemProxy section */

/* Begin PBXFileReference section */
		613B956073532DFBB426CA8C /* Pods_Tiny_Blackjack.framework */ = {isa = PBXFileReference; explicitFileType = wrapper.framework; includeInIndex = 0; path = Pods_Tiny_Blackjack.framework; sourceTree = BUILT_PRODUCTS_DIR; };
		6301AB8487290F38BBCCF22F /* Pods-Tiny BlackjackTests.debug.xcconfig */ = {isa = PBXFileReference; includeInIndex = 1; lastKnownFileType = text.xcconfig; name = "Pods-Tiny BlackjackTests.debug.xcconfig"; path = "Target Support Files/Pods-Tiny BlackjackTests/Pods-Tiny BlackjackTests.debug.xcconfig"; sourceTree = "<group>"; };
		7912DF28179C43BF31E5E0FD /* Pods-Tiny BlackjackTests.release.xcconfig */ = {isa = PBXFileReference; includeInIndex = 1; lastKnownFileType = text.xcconfig; name = "Pods-Tiny BlackjackTests.release.xcconfig"; path = "Target Support Files/Pods-Tiny BlackjackTests/Pods-Tiny BlackjackTests.release.xcconfig"; sourceTree = "<group>"; };
		AB129F46224E4AF30025ECA1 /* GameStateMachine.swift */ = {isa = PBXFileReference; lastKnownFileType = sourcecode.swift; path = GameStateMachine.swift; sourceTree = "<group>"; };
		AB129F48224E5E780025ECA1 /* GameEvents.swift */ = {isa = PBXFileReference; lastKnownFileType = sourcecode.swift; path = GameEvents.swift; sourceTree = "<group>"; };
		AB129F4A224E80890025ECA1 /* BlackjackProtocol.swift */ = {isa = PBXFileReference; lastKnownFileType = sourcecode.swift; path = BlackjackProtocol.swift; sourceTree = "<group>"; };
		AB129F4C22508B960025ECA1 /* GameResultCalculator.swift */ = {isa = PBXFileReference; lastKnownFileType = sourcecode.swift; path = GameResultCalculator.swift; sourceTree = "<group>"; };
		AB129F4F2250EDFB0025ECA1 /* BorderButton.swift */ = {isa = PBXFileReference; fileEncoding = 4; lastKnownFileType = sourcecode.swift; path = BorderButton.swift; sourceTree = "<group>"; };
		AB129F522251438C0025ECA1 /* BlackjackViewProtocol.swift */ = {isa = PBXFileReference; lastKnownFileType = sourcecode.swift; path = BlackjackViewProtocol.swift; sourceTree = "<group>"; };
		AB129F5522514F9E0025ECA1 /* CardToImageNameMapper.swift */ = {isa = PBXFileReference; lastKnownFileType = sourcecode.swift; path = CardToImageNameMapper.swift; sourceTree = "<group>"; };
		AB129F572255045C0025ECA1 /* UIImageViewExtension.swift */ = {isa = PBXFileReference; fileEncoding = 4; lastKnownFileType = sourcecode.swift; path = UIImageViewExtension.swift; sourceTree = "<group>"; };
		AB129F59225504680025ECA1 /* Constants.swift */ = {isa = PBXFileReference; fileEncoding = 4; lastKnownFileType = sourcecode.swift; path = Constants.swift; sourceTree = "<group>"; };
		AB129F5B225518550025ECA1 /* HandResult.swift */ = {isa = PBXFileReference; lastKnownFileType = sourcecode.swift; path = HandResult.swift; sourceTree = "<group>"; };
		AB601D5D224DF48700B140D7 /* DealerStrategyTest.swift */ = {isa = PBXFileReference; lastKnownFileType = sourcecode.swift; path = DealerStrategyTest.swift; sourceTree = "<group>"; };
		AB97EFB322453BEB00E45E6F /* Tiny Blackjack.app */ = {isa = PBXFileReference; explicitFileType = wrapper.application; includeInIndex = 0; path = "Tiny Blackjack.app"; sourceTree = BUILT_PRODUCTS_DIR; };
		AB97EFB622453BEB00E45E6F /* AppDelegate.swift */ = {isa = PBXFileReference; lastKnownFileType = sourcecode.swift; path = AppDelegate.swift; sourceTree = "<group>"; };
		AB97EFB822453BEB00E45E6F /* ViewController.swift */ = {isa = PBXFileReference; lastKnownFileType = sourcecode.swift; path = ViewController.swift; sourceTree = "<group>"; };
		AB97EFBB22453BEB00E45E6F /* Base */ = {isa = PBXFileReference; lastKnownFileType = file.storyboard; name = Base; path = Base.lproj/Main.storyboard; sourceTree = "<group>"; };
		AB97EFBE22453BEB00E45E6F /* Tiny_Blackjack.xcdatamodel */ = {isa = PBXFileReference; lastKnownFileType = wrapper.xcdatamodel; path = Tiny_Blackjack.xcdatamodel; sourceTree = "<group>"; };
		AB97EFC022453BEC00E45E6F /* Assets.xcassets */ = {isa = PBXFileReference; lastKnownFileType = folder.assetcatalog; path = Assets.xcassets; sourceTree = "<group>"; };
		AB97EFC322453BEC00E45E6F /* Base */ = {isa = PBXFileReference; lastKnownFileType = file.storyboard; name = Base; path = Base.lproj/LaunchScreen.storyboard; sourceTree = "<group>"; };
		AB97EFC522453BEC00E45E6F /* Info.plist */ = {isa = PBXFileReference; lastKnownFileType = text.plist.xml; path = Info.plist; sourceTree = "<group>"; };
		AB97EFCA22453BEC00E45E6F /* Tiny BlackjackTests.xctest */ = {isa = PBXFileReference; explicitFileType = wrapper.cfbundle; includeInIndex = 0; path = "Tiny BlackjackTests.xctest"; sourceTree = BUILT_PRODUCTS_DIR; };
		AB97EFD022453BEC00E45E6F /* Info.plist */ = {isa = PBXFileReference; lastKnownFileType = text.plist.xml; path = Info.plist; sourceTree = "<group>"; };
		AB97EFD922453DA400E45E6F /* CardTest.swift */ = {isa = PBXFileReference; lastKnownFileType = sourcecode.swift; path = CardTest.swift; sourceTree = "<group>"; };
		AB97EFDC224557D300E45E6F /* Card.swift */ = {isa = PBXFileReference; lastKnownFileType = sourcecode.swift; path = Card.swift; sourceTree = "<group>"; };
		AB97EFDE2245580700E45E6F /* Suit.swift */ = {isa = PBXFileReference; lastKnownFileType = sourcecode.swift; path = Suit.swift; sourceTree = "<group>"; };
		AB97EFE02245583900E45E6F /* Rank.swift */ = {isa = PBXFileReference; lastKnownFileType = sourcecode.swift; path = Rank.swift; sourceTree = "<group>"; };
		AB97EFE2224562D900E45E6F /* DeckTest.swift */ = {isa = PBXFileReference; lastKnownFileType = sourcecode.swift; path = DeckTest.swift; sourceTree = "<group>"; };
		AB97EFE4224563FE00E45E6F /* Deck.swift */ = {isa = PBXFileReference; lastKnownFileType = sourcecode.swift; path = Deck.swift; sourceTree = "<group>"; };
		AB97EFE62246042D00E45E6F /* Hand.swift */ = {isa = PBXFileReference; lastKnownFileType = sourcecode.swift; path = Hand.swift; sourceTree = "<group>"; };
		AB97EFE82246048100E45E6F /* HandTest.swift */ = {isa = PBXFileReference; lastKnownFileType = sourcecode.swift; path = HandTest.swift; sourceTree = "<group>"; };
		AB97EFEA22461CCB00E45E6F /* PlayerTest.swift */ = {isa = PBXFileReference; lastKnownFileType = sourcecode.swift; path = PlayerTest.swift; sourceTree = "<group>"; };
		AB97EFEC22461D6C00E45E6F /* Player.swift */ = {isa = PBXFileReference; lastKnownFileType = sourcecode.swift; path = Player.swift; sourceTree = "<group>"; };
		AB97EFEE22461EFF00E45E6F /* GameEngine.swift */ = {isa = PBXFileReference; lastKnownFileType = sourcecode.swift; path = GameEngine.swift; sourceTree = "<group>"; };
		AB97EFF022461FC200E45E6F /* GameTest.swift */ = {isa = PBXFileReference; lastKnownFileType = sourcecode.swift; path = GameTest.swift; sourceTree = "<group>"; };
		AB97EFF22247562500E45E6F /* GameStates.swift */ = {isa = PBXFileReference; lastKnownFileType = sourcecode.swift; path = GameStates.swift; sourceTree = "<group>"; };
		AB97EFF422475E1200E45E6F /* GameError.swift */ = {isa = PBXFileReference; lastKnownFileType = sourcecode.swift; path = GameError.swift; sourceTree = "<group>"; };
		AB97EFF62247683400E45E6F /* SimpleStrategy.swift */ = {isa = PBXFileReference; lastKnownFileType = sourcecode.swift; path = SimpleStrategy.swift; sourceTree = "<group>"; };
		AB97EFF82247C7CD00E45E6F /* SimpleStrategyTest.swift */ = {isa = PBXFileReference; lastKnownFileType = sourcecode.swift; path = SimpleStrategyTest.swift; sourceTree = "<group>"; };
		AB97EFFC2247CBB000E45E6F /* BlackjackStrategy.swift */ = {isa = PBXFileReference; lastKnownFileType = sourcecode.swift; path = BlackjackStrategy.swift; sourceTree = "<group>"; };
		AB97EFFE2247CBD400E45E6F /* ProposedAction.swift */ = {isa = PBXFileReference; lastKnownFileType = sourcecode.swift; path = ProposedAction.swift; sourceTree = "<group>"; };
		AB97F0002247F95600E45E6F /* DealerStrategy.swift */ = {isa = PBXFileReference; lastKnownFileType = sourcecode.swift; path = DealerStrategy.swift; sourceTree = "<group>"; };
		AB9955002259FFB300FB9596 /* WalletTest.swift */ = {isa = PBXFileReference; lastKnownFileType = sourcecode.swift; path = WalletTest.swift; sourceTree = "<group>"; };
		AB995502225A161C00FB9596 /* Wallet.swift */ = {isa = PBXFileReference; lastKnownFileType = sourcecode.swift; path = Wallet.swift; sourceTree = "<group>"; };
		AB995504225A164F00FB9596 /* Chip.swift */ = {isa = PBXFileReference; lastKnownFileType = sourcecode.swift; path = Chip.swift; sourceTree = "<group>"; };
		AB995506225BBA0300FB9596 /* ValueToChipMapper.swift */ = {isa = PBXFileReference; fileEncoding = 4; lastKnownFileType = sourcecode.swift; path = ValueToChipMapper.swift; sourceTree = "<group>"; };
		AB995507225BBA0300FB9596 /* ChipTag.swift */ = {isa = PBXFileReference; fileEncoding = 4; lastKnownFileType = sourcecode.swift; path = ChipTag.swift; sourceTree = "<group>"; };
		AB99550A225BE95E00FB9596 /* AddChip.wav */ = {isa = PBXFileReference; lastKnownFileType = audio.wav; path = AddChip.wav; sourceTree = "<group>"; };
		AB99550C225D1DE100FB9596 /* Shuffle.wav */ = {isa = PBXFileReference; lastKnownFileType = audio.wav; path = Shuffle.wav; sourceTree = "<group>"; };
		AB99550E225D23A200FB9596 /* Card1.wav */ = {isa = PBXFileReference; lastKnownFileType = audio.wav; path = Card1.wav; sourceTree = "<group>"; };
		AB995510225D375200FB9596 /* InitialChipsGenerator.swift */ = {isa = PBXFileReference; lastKnownFileType = sourcecode.swift; path = InitialChipsGenerator.swift; sourceTree = "<group>"; };
		CA38E29F8A3BAFED2058E669 /* Pods-Tiny Blackjack.release.xcconfig */ = {isa = PBXFileReference; includeInIndex = 1; lastKnownFileType = text.xcconfig; name = "Pods-Tiny Blackjack.release.xcconfig"; path = "Target Support Files/Pods-Tiny Blackjack/Pods-Tiny Blackjack.release.xcconfig"; sourceTree = "<group>"; };
		E0C60877A48C2B275BA4AE84 /* Pods-Tiny Blackjack.debug.xcconfig */ = {isa = PBXFileReference; includeInIndex = 1; lastKnownFileType = text.xcconfig; name = "Pods-Tiny Blackjack.debug.xcconfig"; path = "Target Support Files/Pods-Tiny Blackjack/Pods-Tiny Blackjack.debug.xcconfig"; sourceTree = "<group>"; };
		FAA938B89E05B57953FF62A8 /* Pods_Tiny_BlackjackTests.framework */ = {isa = PBXFileReference; explicitFileType = wrapper.framework; includeInIndex = 0; path = Pods_Tiny_BlackjackTests.framework; sourceTree = BUILT_PRODUCTS_DIR; };
/* End PBXFileReference section */

/* Begin PBXFrameworksBuildPhase section */
		AB97EFB022453BEB00E45E6F /* Frameworks */ = {
			isa = PBXFrameworksBuildPhase;
			buildActionMask = 2147483647;
			files = (
				560722196772135F319FE866 /* Pods_Tiny_Blackjack.framework in Frameworks */,
			);
			runOnlyForDeploymentPostprocessing = 0;
		};
		AB97EFC722453BEC00E45E6F /* Frameworks */ = {
			isa = PBXFrameworksBuildPhase;
			buildActionMask = 2147483647;
			files = (
				B207F370475E8E0BB123C1AC /* Pods_Tiny_BlackjackTests.framework in Frameworks */,
			);
			runOnlyForDeploymentPostprocessing = 0;
		};
/* End PBXFrameworksBuildPhase section */

/* Begin PBXGroup section */
		637617D17F32A78A9445E95B /* Frameworks */ = {
			isa = PBXGroup;
			children = (
				613B956073532DFBB426CA8C /* Pods_Tiny_Blackjack.framework */,
				FAA938B89E05B57953FF62A8 /* Pods_Tiny_BlackjackTests.framework */,
			);
			name = Frameworks;
			sourceTree = "<group>";
		};
		AB129F512250EE000025ECA1 /* Ui */ = {
			isa = PBXGroup;
			children = (
				AB129F572255045C0025ECA1 /* UIImageViewExtension.swift */,
				AB129F4F2250EDFB0025ECA1 /* BorderButton.swift */,
			);
			name = Ui;
			sourceTree = "<group>";
		};
		AB129F5422514F810025ECA1 /* Helpers */ = {
			isa = PBXGroup;
			children = (
				AB995507225BBA0300FB9596 /* ChipTag.swift */,
				AB995506225BBA0300FB9596 /* ValueToChipMapper.swift */,
				AB129F5522514F9E0025ECA1 /* CardToImageNameMapper.swift */,
				AB995510225D375200FB9596 /* InitialChipsGenerator.swift */,
			);
			path = Helpers;
			sourceTree = "<group>";
		};
		AB97EFAA22453BEB00E45E6F = {
			isa = PBXGroup;
			children = (
				AB97EFB522453BEB00E45E6F /* Tiny Blackjack */,
				AB97EFCD22453BEC00E45E6F /* Tiny BlackjackTests */,
				AB97EFB422453BEB00E45E6F /* Products */,
				B50EE8DE13E3C79D72A493D4 /* Pods */,
				637617D17F32A78A9445E95B /* Frameworks */,
			);
			sourceTree = "<group>";
		};
		AB97EFB422453BEB00E45E6F /* Products */ = {
			isa = PBXGroup;
			children = (
				AB97EFB322453BEB00E45E6F /* Tiny Blackjack.app */,
				AB97EFCA22453BEC00E45E6F /* Tiny BlackjackTests.xctest */,
			);
			name = Products;
			sourceTree = "<group>";
		};
		AB97EFB522453BEB00E45E6F /* Tiny Blackjack */ = {
			isa = PBXGroup;
			children = (
				AB99550E225D23A200FB9596 /* Card1.wav */,
				AB99550C225D1DE100FB9596 /* Shuffle.wav */,
				AB99550A225BE95E00FB9596 /* AddChip.wav */,
				AB129F59225504680025ECA1 /* Constants.swift */,
				AB129F5422514F810025ECA1 /* Helpers */,
				AB129F512250EE000025ECA1 /* Ui */,
				AB97EFDB224557A800E45E6F /* Model */,
				AB97EFB622453BEB00E45E6F /* AppDelegate.swift */,
				AB97EFB822453BEB00E45E6F /* ViewController.swift */,
				AB97EFBA22453BEB00E45E6F /* Main.storyboard */,
				AB97EFC022453BEC00E45E6F /* Assets.xcassets */,
				AB97EFC222453BEC00E45E6F /* LaunchScreen.storyboard */,
				AB97EFC522453BEC00E45E6F /* Info.plist */,
				AB97EFBD22453BEB00E45E6F /* Tiny_Blackjack.xcdatamodeld */,
			);
			path = "Tiny Blackjack";
			sourceTree = "<group>";
		};
		AB97EFCD22453BEC00E45E6F /* Tiny BlackjackTests */ = {
			isa = PBXGroup;
			children = (
				AB97EFD022453BEC00E45E6F /* Info.plist */,
				AB97EFD922453DA400E45E6F /* CardTest.swift */,
				AB97EFE2224562D900E45E6F /* DeckTest.swift */,
				AB97EFE82246048100E45E6F /* HandTest.swift */,
				AB97EFEA22461CCB00E45E6F /* PlayerTest.swift */,
				AB97EFF022461FC200E45E6F /* GameTest.swift */,
				AB97EFF82247C7CD00E45E6F /* SimpleStrategyTest.swift */,
				AB601D5D224DF48700B140D7 /* DealerStrategyTest.swift */,
				AB9955002259FFB300FB9596 /* WalletTest.swift */,
			);
			path = "Tiny BlackjackTests";
			sourceTree = "<group>";
		};
		AB97EFDB224557A800E45E6F /* Model */ = {
			isa = PBXGroup;
			children = (
				AB97EFFB2247CB8600E45E6F /* Strategy */,
				AB97EFDC224557D300E45E6F /* Card.swift */,
				AB995504225A164F00FB9596 /* Chip.swift */,
				AB97EFDE2245580700E45E6F /* Suit.swift */,
				AB97EFE02245583900E45E6F /* Rank.swift */,
				AB97EFE4224563FE00E45E6F /* Deck.swift */,
				AB97EFE62246042D00E45E6F /* Hand.swift */,
				AB97EFEC22461D6C00E45E6F /* Player.swift */,
				AB97EFEE22461EFF00E45E6F /* GameEngine.swift */,
				AB97EFF22247562500E45E6F /* GameStates.swift */,
				AB97EFF422475E1200E45E6F /* GameError.swift */,
				AB129F46224E4AF30025ECA1 /* GameStateMachine.swift */,
				AB129F48224E5E780025ECA1 /* GameEvents.swift */,
				AB129F4A224E80890025ECA1 /* BlackjackProtocol.swift */,
				AB129F4C22508B960025ECA1 /* GameResultCalculator.swift */,
				AB129F522251438C0025ECA1 /* BlackjackViewProtocol.swift */,
				AB129F5B225518550025ECA1 /* HandResult.swift */,
				AB995502225A161C00FB9596 /* Wallet.swift */,
			);
			path = Model;
			sourceTree = "<group>";
		};
		AB97EFFB2247CB8600E45E6F /* Strategy */ = {
			isa = PBXGroup;
			children = (
				AB97EFF62247683400E45E6F /* SimpleStrategy.swift */,
				AB97EFFC2247CBB000E45E6F /* BlackjackStrategy.swift */,
				AB97EFFE2247CBD400E45E6F /* ProposedAction.swift */,
				AB97F0002247F95600E45E6F /* DealerStrategy.swift */,
			);
			path = Strategy;
			sourceTree = "<group>";
		};
		B50EE8DE13E3C79D72A493D4 /* Pods */ = {
			isa = PBXGroup;
			children = (
				E0C60877A48C2B275BA4AE84 /* Pods-Tiny Blackjack.debug.xcconfig */,
				CA38E29F8A3BAFED2058E669 /* Pods-Tiny Blackjack.release.xcconfig */,
				6301AB8487290F38BBCCF22F /* Pods-Tiny BlackjackTests.debug.xcconfig */,
				7912DF28179C43BF31E5E0FD /* Pods-Tiny BlackjackTests.release.xcconfig */,
			);
			path = Pods;
			sourceTree = "<group>";
		};
/* End PBXGroup section */

/* Begin PBXNativeTarget section */
		AB97EFB222453BEB00E45E6F /* Tiny Blackjack */ = {
			isa = PBXNativeTarget;
			buildConfigurationList = AB97EFD322453BEC00E45E6F /* Build configuration list for PBXNativeTarget "Tiny Blackjack" */;
			buildPhases = (
				8D3F6DB442A5C913F7EA2B51 /* [CP] Check Pods Manifest.lock */,
				AB97EFAF22453BEB00E45E6F /* Sources */,
				AB97EFB022453BEB00E45E6F /* Frameworks */,
				AB97EFB122453BEB00E45E6F /* Resources */,
				8DB21DB3D3998FB71B3A63FD /* [CP] Embed Pods Frameworks */,
			);
			buildRules = (
			);
			dependencies = (
			);
			name = "Tiny Blackjack";
			productName = "Tiny Blackjack";
			productReference = AB97EFB322453BEB00E45E6F /* Tiny Blackjack.app */;
			productType = "com.apple.product-type.application";
		};
		AB97EFC922453BEC00E45E6F /* Tiny BlackjackTests */ = {
			isa = PBXNativeTarget;
			buildConfigurationList = AB97EFD622453BEC00E45E6F /* Build configuration list for PBXNativeTarget "Tiny BlackjackTests" */;
			buildPhases = (
				99928A079FDA1335F0413B86 /* [CP] Check Pods Manifest.lock */,
				AB97EFC622453BEC00E45E6F /* Sources */,
				AB97EFC722453BEC00E45E6F /* Frameworks */,
				AB97EFC822453BEC00E45E6F /* Resources */,
			);
			buildRules = (
			);
			dependencies = (
				AB97EFCC22453BEC00E45E6F /* PBXTargetDependency */,
			);
			name = "Tiny BlackjackTests";
			productName = "Tiny BlackjackTests";
			productReference = AB97EFCA22453BEC00E45E6F /* Tiny BlackjackTests.xctest */;
			productType = "com.apple.product-type.bundle.unit-test";
		};
/* End PBXNativeTarget section */

/* Begin PBXProject section */
		AB97EFAB22453BEB00E45E6F /* Project object */ = {
			isa = PBXProject;
			attributes = {
				LastSwiftUpdateCheck = 1010;
				LastUpgradeCheck = 1010;
				ORGANIZATIONNAME = SimpleTechture;
				TargetAttributes = {
					AB97EFB222453BEB00E45E6F = {
						CreatedOnToolsVersion = 10.1;
						LastSwiftMigration = 1020;
					};
					AB97EFC922453BEC00E45E6F = {
						CreatedOnToolsVersion = 10.1;
						LastSwiftMigration = 1020;
						TestTargetID = AB97EFB222453BEB00E45E6F;
					};
				};
			};
			buildConfigurationList = AB97EFAE22453BEB00E45E6F /* Build configuration list for PBXProject "Tiny Blackjack" */;
			compatibilityVersion = "Xcode 9.3";
			developmentRegion = en;
			hasScannedForEncodings = 0;
			knownRegions = (
				en,
				Base,
			);
			mainGroup = AB97EFAA22453BEB00E45E6F;
			productRefGroup = AB97EFB422453BEB00E45E6F /* Products */;
			projectDirPath = "";
			projectRoot = "";
			targets = (
				AB97EFB222453BEB00E45E6F /* Tiny Blackjack */,
				AB97EFC922453BEC00E45E6F /* Tiny BlackjackTests */,
			);
		};
/* End PBXProject section */

/* Begin PBXResourcesBuildPhase section */
		AB97EFB122453BEB00E45E6F /* Resources */ = {
			isa = PBXResourcesBuildPhase;
			buildActionMask = 2147483647;
			files = (
				AB99550B225BE95E00FB9596 /* AddChip.wav in Resources */,
				AB97EFC422453BEC00E45E6F /* LaunchScreen.storyboard in Resources */,
				AB99550F225D23A200FB9596 /* Card1.wav in Resources */,
				AB97EFC122453BEC00E45E6F /* Assets.xcassets in Resources */,
				AB97EFBC22453BEB00E45E6F /* Main.storyboard in Resources */,
				AB99550D225D1DE200FB9596 /* Shuffle.wav in Resources */,
			);
			runOnlyForDeploymentPostprocessing = 0;
		};
		AB97EFC822453BEC00E45E6F /* Resources */ = {
			isa = PBXResourcesBuildPhase;
			buildActionMask = 2147483647;
			files = (
			);
			runOnlyForDeploymentPostprocessing = 0;
		};
/* End PBXResourcesBuildPhase section */

/* Begin PBXShellScriptBuildPhase section */
		8D3F6DB442A5C913F7EA2B51 /* [CP] Check Pods Manifest.lock */ = {
			isa = PBXShellScriptBuildPhase;
			buildActionMask = 2147483647;
			files = (
			);
			inputFileListPaths = (
			);
			inputPaths = (
				"${PODS_PODFILE_DIR_PATH}/Podfile.lock",
				"${PODS_ROOT}/Manifest.lock",
			);
			name = "[CP] Check Pods Manifest.lock";
			outputFileListPaths = (
			);
			outputPaths = (
				"$(DERIVED_FILE_DIR)/Pods-Tiny Blackjack-checkManifestLockResult.txt",
			);
			runOnlyForDeploymentPostprocessing = 0;
			shellPath = /bin/sh;
			shellScript = "diff \"${PODS_PODFILE_DIR_PATH}/Podfile.lock\" \"${PODS_ROOT}/Manifest.lock\" > /dev/null\nif [ $? != 0 ] ; then\n    # print error to STDERR\n    echo \"error: The sandbox is not in sync with the Podfile.lock. Run 'pod install' or update your CocoaPods installation.\" >&2\n    exit 1\nfi\n# This output is used by Xcode 'outputs' to avoid re-running this script phase.\necho \"SUCCESS\" > \"${SCRIPT_OUTPUT_FILE_0}\"\n";
			showEnvVarsInLog = 0;
		};
		8DB21DB3D3998FB71B3A63FD /* [CP] Embed Pods Frameworks */ = {
			isa = PBXShellScriptBuildPhase;
			buildActionMask = 2147483647;
			files = (
			);
			inputFileListPaths = (
			);
			inputPaths = (
				"${PODS_ROOT}/Target Support Files/Pods-Tiny Blackjack/Pods-Tiny Blackjack-frameworks.sh",
				"${BUILT_PRODUCTS_DIR}/SwiftState/SwiftState.framework",
				"${BUILT_PRODUCTS_DIR}/SwiftySound/SwiftySound.framework",
			);
			name = "[CP] Embed Pods Frameworks";
			outputFileListPaths = (
			);
			outputPaths = (
				"${TARGET_BUILD_DIR}/${FRAMEWORKS_FOLDER_PATH}/SwiftState.framework",
				"${TARGET_BUILD_DIR}/${FRAMEWORKS_FOLDER_PATH}/SwiftySound.framework",
			);
			runOnlyForDeploymentPostprocessing = 0;
			shellPath = /bin/sh;
			shellScript = "\"${PODS_ROOT}/Target Support Files/Pods-Tiny Blackjack/Pods-Tiny Blackjack-frameworks.sh\"\n";
			showEnvVarsInLog = 0;
		};
		99928A079FDA1335F0413B86 /* [CP] Check Pods Manifest.lock */ = {
			isa = PBXShellScriptBuildPhase;
			buildActionMask = 2147483647;
			files = (
			);
			inputFileListPaths = (
			);
			inputPaths = (
				"${PODS_PODFILE_DIR_PATH}/Podfile.lock",
				"${PODS_ROOT}/Manifest.lock",
			);
			name = "[CP] Check Pods Manifest.lock";
			outputFileListPaths = (
			);
			outputPaths = (
				"$(DERIVED_FILE_DIR)/Pods-Tiny BlackjackTests-checkManifestLockResult.txt",
			);
			runOnlyForDeploymentPostprocessing = 0;
			shellPath = /bin/sh;
			shellScript = "diff \"${PODS_PODFILE_DIR_PATH}/Podfile.lock\" \"${PODS_ROOT}/Manifest.lock\" > /dev/null\nif [ $? != 0 ] ; then\n    # print error to STDERR\n    echo \"error: The sandbox is not in sync with the Podfile.lock. Run 'pod install' or update your CocoaPods installation.\" >&2\n    exit 1\nfi\n# This output is used by Xcode 'outputs' to avoid re-running this script phase.\necho \"SUCCESS\" > \"${SCRIPT_OUTPUT_FILE_0}\"\n";
			showEnvVarsInLog = 0;
		};
/* End PBXShellScriptBuildPhase section */

/* Begin PBXSourcesBuildPhase section */
		AB97EFAF22453BEB00E45E6F /* Sources */ = {
			isa = PBXSourcesBuildPhase;
			buildActionMask = 2147483647;
			files = (
				AB129F5A225504680025ECA1 /* Constants.swift in Sources */,
				AB97EFE72246042D00E45E6F /* Hand.swift in Sources */,
				AB97EFE5224563FE00E45E6F /* Deck.swift in Sources */,
				AB97EFF72247683400E45E6F /* SimpleStrategy.swift in Sources */,
				AB97EFB922453BEB00E45E6F /* ViewController.swift in Sources */,
				AB97EFDF2245580700E45E6F /* Suit.swift in Sources */,
				AB995509225BBA0300FB9596 /* ChipTag.swift in Sources */,
				AB97EFFF2247CBD400E45E6F /* ProposedAction.swift in Sources */,
				AB97EFBF22453BEB00E45E6F /* Tiny_Blackjack.xcdatamodeld in Sources */,
				AB129F532251438C0025ECA1 /* BlackjackViewProtocol.swift in Sources */,
				AB129F5C225518550025ECA1 /* HandResult.swift in Sources */,
				AB995508225BBA0300FB9596 /* ValueToChipMapper.swift in Sources */,
				AB995511225D375200FB9596 /* InitialChipsGenerator.swift in Sources */,
				AB129F47224E4AF30025ECA1 /* GameStateMachine.swift in Sources */,
				AB97EFE12245583900E45E6F /* Rank.swift in Sources */,
				AB129F5622514F9E0025ECA1 /* CardToImageNameMapper.swift in Sources */,
				AB995505225A164F00FB9596 /* Chip.swift in Sources */,
				AB97EFF522475E1200E45E6F /* GameError.swift in Sources */,
				AB129F49224E5E780025ECA1 /* GameEvents.swift in Sources */,
				AB995503225A161C00FB9596 /* Wallet.swift in Sources */,
				AB97EFB722453BEB00E45E6F /* AppDelegate.swift in Sources */,
				AB129F582255045C0025ECA1 /* UIImageViewExtension.swift in Sources */,
				AB97EFED22461D6C00E45E6F /* Player.swift in Sources */,
				AB97EFEF22461EFF00E45E6F /* GameEngine.swift in Sources */,
				AB97EFFD2247CBB000E45E6F /* BlackjackStrategy.swift in Sources */,
				AB97EFDD224557D300E45E6F /* Card.swift in Sources */,
				AB129F4D22508B960025ECA1 /* GameResultCalculator.swift in Sources */,
				AB97EFF32247562500E45E6F /* GameStates.swift in Sources */,
				AB129F4B224E80890025ECA1 /* BlackjackProtocol.swift in Sources */,
				AB97F0012247F95600E45E6F /* DealerStrategy.swift in Sources */,
				AB129F502250EDFB0025ECA1 /* BorderButton.swift in Sources */,
			);
			runOnlyForDeploymentPostprocessing = 0;
		};
		AB97EFC622453BEC00E45E6F /* Sources */ = {
			isa = PBXSourcesBuildPhase;
			buildActionMask = 2147483647;
			files = (
				AB97EFEB22461CCB00E45E6F /* PlayerTest.swift in Sources */,
				AB97EFE92246048100E45E6F /* HandTest.swift in Sources */,
				AB97EFF92247C7CD00E45E6F /* SimpleStrategyTest.swift in Sources */,
				AB97EFF122461FC200E45E6F /* GameTest.swift in Sources */,
				AB9955012259FFB300FB9596 /* WalletTest.swift in Sources */,
				AB601D5E224DF48700B140D7 /* DealerStrategyTest.swift in Sources */,
				AB97EFDA22453DA400E45E6F /* CardTest.swift in Sources */,
				AB97EFE3224562D900E45E6F /* DeckTest.swift in Sources */,
			);
			runOnlyForDeploymentPostprocessing = 0;
		};
/* End PBXSourcesBuildPhase section */

/* Begin PBXTargetDependency section */
		AB97EFCC22453BEC00E45E6F /* PBXTargetDependency */ = {
			isa = PBXTargetDependency;
			target = AB97EFB222453BEB00E45E6F /* Tiny Blackjack */;
			targetProxy = AB97EFCB22453BEC00E45E6F /* PBXContainerItemProxy */;
		};
/* End PBXTargetDependency section */

/* Begin PBXVariantGroup section */
		AB97EFBA22453BEB00E45E6F /* Main.storyboard */ = {
			isa = PBXVariantGroup;
			children = (
				AB97EFBB22453BEB00E45E6F /* Base */,
			);
			name = Main.storyboard;
			sourceTree = "<group>";
		};
		AB97EFC222453BEC00E45E6F /* LaunchScreen.storyboard */ = {
			isa = PBXVariantGroup;
			children = (
				AB97EFC322453BEC00E45E6F /* Base */,
			);
			name = LaunchScreen.storyboard;
			sourceTree = "<group>";
		};
/* End PBXVariantGroup section */

/* Begin XCBuildConfiguration section */
		AB97EFD122453BEC00E45E6F /* Debug */ = {
			isa = XCBuildConfiguration;
			buildSettings = {
				ALWAYS_SEARCH_USER_PATHS = NO;
				CLANG_ANALYZER_NONNULL = YES;
				CLANG_ANALYZER_NUMBER_OBJECT_CONVERSION = YES_AGGRESSIVE;
				CLANG_CXX_LANGUAGE_STANDARD = "gnu++14";
				CLANG_CXX_LIBRARY = "libc++";
				CLANG_ENABLE_MODULES = YES;
				CLANG_ENABLE_OBJC_ARC = YES;
				CLANG_ENABLE_OBJC_WEAK = YES;
				CLANG_WARN_BLOCK_CAPTURE_AUTORELEASING = YES;
				CLANG_WARN_BOOL_CONVERSION = YES;
				CLANG_WARN_COMMA = YES;
				CLANG_WARN_CONSTANT_CONVERSION = YES;
				CLANG_WARN_DEPRECATED_OBJC_IMPLEMENTATIONS = YES;
				CLANG_WARN_DIRECT_OBJC_ISA_USAGE = YES_ERROR;
				CLANG_WARN_DOCUMENTATION_COMMENTS = YES;
				CLANG_WARN_EMPTY_BODY = YES;
				CLANG_WARN_ENUM_CONVERSION = YES;
				CLANG_WARN_INFINITE_RECURSION = YES;
				CLANG_WARN_INT_CONVERSION = YES;
				CLANG_WARN_NON_LITERAL_NULL_CONVERSION = YES;
				CLANG_WARN_OBJC_IMPLICIT_RETAIN_SELF = YES;
				CLANG_WARN_OBJC_LITERAL_CONVERSION = YES;
				CLANG_WARN_OBJC_ROOT_CLASS = YES_ERROR;
				CLANG_WARN_RANGE_LOOP_ANALYSIS = YES;
				CLANG_WARN_STRICT_PROTOTYPES = YES;
				CLANG_WARN_SUSPICIOUS_MOVE = YES;
				CLANG_WARN_UNGUARDED_AVAILABILITY = YES_AGGRESSIVE;
				CLANG_WARN_UNREACHABLE_CODE = YES;
				CLANG_WARN__DUPLICATE_METHOD_MATCH = YES;
				CODE_SIGN_IDENTITY = "iPhone Developer";
				COPY_PHASE_STRIP = NO;
				DEBUG_INFORMATION_FORMAT = dwarf;
				ENABLE_STRICT_OBJC_MSGSEND = YES;
				ENABLE_TESTABILITY = YES;
				GCC_C_LANGUAGE_STANDARD = gnu11;
				GCC_DYNAMIC_NO_PIC = NO;
				GCC_NO_COMMON_BLOCKS = YES;
				GCC_OPTIMIZATION_LEVEL = 0;
				GCC_PREPROCESSOR_DEFINITIONS = (
					"DEBUG=1",
					"$(inherited)",
				);
				GCC_WARN_64_TO_32_BIT_CONVERSION = YES;
				GCC_WARN_ABOUT_RETURN_TYPE = YES_ERROR;
				GCC_WARN_UNDECLARED_SELECTOR = YES;
				GCC_WARN_UNINITIALIZED_AUTOS = YES_AGGRESSIVE;
				GCC_WARN_UNUSED_FUNCTION = YES;
				GCC_WARN_UNUSED_VARIABLE = YES;
				IPHONEOS_DEPLOYMENT_TARGET = 12.1;
				MTL_ENABLE_DEBUG_INFO = INCLUDE_SOURCE;
				MTL_FAST_MATH = YES;
				ONLY_ACTIVE_ARCH = YES;
				SDKROOT = iphoneos;
				SWIFT_ACTIVE_COMPILATION_CONDITIONS = DEBUG;
				SWIFT_OPTIMIZATION_LEVEL = "-Onone";
			};
			name = Debug;
		};
		AB97EFD222453BEC00E45E6F /* Release */ = {
			isa = XCBuildConfiguration;
			buildSettings = {
				ALWAYS_SEARCH_USER_PATHS = NO;
				CLANG_ANALYZER_NONNULL = YES;
				CLANG_ANALYZER_NUMBER_OBJECT_CONVERSION = YES_AGGRESSIVE;
				CLANG_CXX_LANGUAGE_STANDARD = "gnu++14";
				CLANG_CXX_LIBRARY = "libc++";
				CLANG_ENABLE_MODULES = YES;
				CLANG_ENABLE_OBJC_ARC = YES;
				CLANG_ENABLE_OBJC_WEAK = YES;
				CLANG_WARN_BLOCK_CAPTURE_AUTORELEASING = YES;
				CLANG_WARN_BOOL_CONVERSION = YES;
				CLANG_WARN_COMMA = YES;
				CLANG_WARN_CONSTANT_CONVERSION = YES;
				CLANG_WARN_DEPRECATED_OBJC_IMPLEMENTATIONS = YES;
				CLANG_WARN_DIRECT_OBJC_ISA_USAGE = YES_ERROR;
				CLANG_WARN_DOCUMENTATION_COMMENTS = YES;
				CLANG_WARN_EMPTY_BODY = YES;
				CLANG_WARN_ENUM_CONVERSION = YES;
				CLANG_WARN_INFINITE_RECURSION = YES;
				CLANG_WARN_INT_CONVERSION = YES;
				CLANG_WARN_NON_LITERAL_NULL_CONVERSION = YES;
				CLANG_WARN_OBJC_IMPLICIT_RETAIN_SELF = YES;
				CLANG_WARN_OBJC_LITERAL_CONVERSION = YES;
				CLANG_WARN_OBJC_ROOT_CLASS = YES_ERROR;
				CLANG_WARN_RANGE_LOOP_ANALYSIS = YES;
				CLANG_WARN_STRICT_PROTOTYPES = YES;
				CLANG_WARN_SUSPICIOUS_MOVE = YES;
				CLANG_WARN_UNGUARDED_AVAILABILITY = YES_AGGRESSIVE;
				CLANG_WARN_UNREACHABLE_CODE = YES;
				CLANG_WARN__DUPLICATE_METHOD_MATCH = YES;
				CODE_SIGN_IDENTITY = "iPhone Developer";
				COPY_PHASE_STRIP = NO;
				DEBUG_INFORMATION_FORMAT = "dwarf-with-dsym";
				ENABLE_NS_ASSERTIONS = NO;
				ENABLE_STRICT_OBJC_MSGSEND = YES;
				GCC_C_LANGUAGE_STANDARD = gnu11;
				GCC_NO_COMMON_BLOCKS = YES;
				GCC_WARN_64_TO_32_BIT_CONVERSION = YES;
				GCC_WARN_ABOUT_RETURN_TYPE = YES_ERROR;
				GCC_WARN_UNDECLARED_SELECTOR = YES;
				GCC_WARN_UNINITIALIZED_AUTOS = YES_AGGRESSIVE;
				GCC_WARN_UNUSED_FUNCTION = YES;
				GCC_WARN_UNUSED_VARIABLE = YES;
				IPHONEOS_DEPLOYMENT_TARGET = 12.1;
				MTL_ENABLE_DEBUG_INFO = NO;
				MTL_FAST_MATH = YES;
				SDKROOT = iphoneos;
				SWIFT_COMPILATION_MODE = wholemodule;
				SWIFT_OPTIMIZATION_LEVEL = "-O";
				VALIDATE_PRODUCT = YES;
			};
			name = Release;
		};
		AB97EFD422453BEC00E45E6F /* Debug */ = {
			isa = XCBuildConfiguration;
			baseConfigurationReference = E0C60877A48C2B275BA4AE84 /* Pods-Tiny Blackjack.debug.xcconfig */;
			buildSettings = {
				ASSETCATALOG_COMPILER_APPICON_NAME = AppIcon;
				CODE_SIGN_STYLE = Automatic;
				DEVELOPMENT_TEAM = PF64NZ9WG6;
				INFOPLIST_FILE = "Tiny Blackjack/Info.plist";
				LD_RUNPATH_SEARCH_PATHS = (
					"$(inherited)",
					"@executable_path/Frameworks",
				);
				PRODUCT_BUNDLE_IDENTIFIER = "nl.simpletechture.Tiny-Blackjack";
				PRODUCT_NAME = "$(TARGET_NAME)";
				SWIFT_VERSION = 5.0;
				TARGETED_DEVICE_FAMILY = "1,2";
			};
			name = Debug;
		};
		AB97EFD522453BEC00E45E6F /* Release */ = {
			isa = XCBuildConfiguration;
			baseConfigurationReference = CA38E29F8A3BAFED2058E669 /* Pods-Tiny Blackjack.release.xcconfig */;
			buildSettings = {
				ASSETCATALOG_COMPILER_APPICON_NAME = AppIcon;
				CODE_SIGN_STYLE = Automatic;
				DEVELOPMENT_TEAM = PF64NZ9WG6;
				INFOPLIST_FILE = "Tiny Blackjack/Info.plist";
				LD_RUNPATH_SEARCH_PATHS = (
					"$(inherited)",
					"@executable_path/Frameworks",
				);
				PRODUCT_BUNDLE_IDENTIFIER = "nl.simpletechture.Tiny-Blackjack";
				PRODUCT_NAME = "$(TARGET_NAME)";
				SWIFT_VERSION = 5.0;
				TARGETED_DEVICE_FAMILY = "1,2";
			};
			name = Release;
		};
		AB97EFD722453BEC00E45E6F /* Debug */ = {
			isa = XCBuildConfiguration;
			baseConfigurationReference = 6301AB8487290F38BBCCF22F /* Pods-Tiny BlackjackTests.debug.xcconfig */;
			buildSettings = {
				ALWAYS_EMBED_SWIFT_STANDARD_LIBRARIES = YES;
				BUNDLE_LOADER = "$(TEST_HOST)";
				CODE_SIGN_STYLE = Automatic;
				DEVELOPMENT_TEAM = PF64NZ9WG6;
				INFOPLIST_FILE = "Tiny BlackjackTests/Info.plist";
				LD_RUNPATH_SEARCH_PATHS = (
					"$(inherited)",
					"@executable_path/Frameworks",
					"@loader_path/Frameworks",
				);
				PRODUCT_BUNDLE_IDENTIFIER = "nl.simpletechture.Tiny-BlackjackTests";
				PRODUCT_NAME = "$(TARGET_NAME)";
				SWIFT_VERSION = 5.0;
				TARGETED_DEVICE_FAMILY = "1,2";
				TEST_HOST = "$(BUILT_PRODUCTS_DIR)/Tiny Blackjack.app/Tiny Blackjack";
			};
			name = Debug;
		};
		AB97EFD822453BEC00E45E6F /* Release */ = {
			isa = XCBuildConfiguration;
			baseConfigurationReference = 7912DF28179C43BF31E5E0FD /* Pods-Tiny BlackjackTests.release.xcconfig */;
			buildSettings = {
				ALWAYS_EMBED_SWIFT_STANDARD_LIBRARIES = YES;
				BUNDLE_LOADER = "$(TEST_HOST)";
				CODE_SIGN_STYLE = Automatic;
				DEVELOPMENT_TEAM = PF64NZ9WG6;
				INFOPLIST_FILE = "Tiny BlackjackTests/Info.plist";
				LD_RUNPATH_SEARCH_PATHS = (
					"$(inherited)",
					"@executable_path/Frameworks",
					"@loader_path/Frameworks",
				);
				PRODUCT_BUNDLE_IDENTIFIER = "nl.simpletechture.Tiny-BlackjackTests";
				PRODUCT_NAME = "$(TARGET_NAME)";
				SWIFT_VERSION = 5.0;
				TARGETED_DEVICE_FAMILY = "1,2";
				TEST_HOST = "$(BUILT_PRODUCTS_DIR)/Tiny Blackjack.app/Tiny Blackjack";
			};
			name = Release;
		};
/* End XCBuildConfiguration section */

/* Begin XCConfigurationList section */
		AB97EFAE22453BEB00E45E6F /* Build configuration list for PBXProject "Tiny Blackjack" */ = {
			isa = XCConfigurationList;
			buildConfigurations = (
				AB97EFD122453BEC00E45E6F /* Debug */,
				AB97EFD222453BEC00E45E6F /* Release */,
			);
			defaultConfigurationIsVisible = 0;
			defaultConfigurationName = Release;
		};
		AB97EFD322453BEC00E45E6F /* Build configuration list for PBXNativeTarget "Tiny Blackjack" */ = {
			isa = XCConfigurationList;
			buildConfigurations = (
				AB97EFD422453BEC00E45E6F /* Debug */,
				AB97EFD522453BEC00E45E6F /* Release */,
			);
			defaultConfigurationIsVisible = 0;
			defaultConfigurationName = Release;
		};
		AB97EFD622453BEC00E45E6F /* Build configuration list for PBXNativeTarget "Tiny BlackjackTests" */ = {
			isa = XCConfigurationList;
			buildConfigurations = (
				AB97EFD722453BEC00E45E6F /* Debug */,
				AB97EFD822453BEC00E45E6F /* Release */,
			);
			defaultConfigurationIsVisible = 0;
			defaultConfigurationName = Release;
		};
/* End XCConfigurationList section */

/* Begin XCVersionGroup section */
		AB97EFBD22453BEB00E45E6F /* Tiny_Blackjack.xcdatamodeld */ = {
			isa = XCVersionGroup;
			children = (
				AB97EFBE22453BEB00E45E6F /* Tiny_Blackjack.xcdatamodel */,
			);
			currentVersion = AB97EFBE22453BEB00E45E6F /* Tiny_Blackjack.xcdatamodel */;
			path = Tiny_Blackjack.xcdatamodeld;
			sourceTree = "<group>";
			versionGroupType = wrapper.xcdatamodel;
		};
/* End XCVersionGroup section */
	};
	rootObject = AB97EFAB22453BEB00E45E6F /* Project object */;
}
