// !$*UTF8*$!
{
	archiveVersion = 1;
	classes = {
	};
	objectVersion = 50;
	objects = {

/* Begin PBXBuildFile section */
		20AA7D7E06C9550052D828C3 /* Pods_Tiny_Converter.framework in Frameworks */ = {isa = PBXBuildFile; fileRef = 09853518B11ECAB5F9BBF0A4 /* Pods_Tiny_Converter.framework */; };
		AB799F1B223B7A7400C94803 /* ComplexConversion.swift in Sources */ = {isa = PBXBuildFile; fileRef = AB799F1A223B7A7400C94803 /* ComplexConversion.swift */; };
		AB799F1F223BA8AD00C94803 /* ZfRippleButton.swift in Sources */ = {isa = PBXBuildFile; fileRef = AB799F1E223BA8AD00C94803 /* ZfRippleButton.swift */; };
		AB799F21223BB65F00C94803 /* SimpleConversion.swift in Sources */ = {isa = PBXBuildFile; fileRef = AB799F20223BB65F00C94803 /* SimpleConversion.swift */; };
		AB799F25223BBA0A00C94803 /* TipInCellAnimator.swift in Sources */ = {isa = PBXBuildFile; fileRef = AB799F24223BBA0A00C94803 /* TipInCellAnimator.swift */; };
		AB93D768223A449B00A4378C /* BorderButton.swift in Sources */ = {isa = PBXBuildFile; fileRef = AB93D767223A449B00A4378C /* BorderButton.swift */; };
		AB93D76A223A5FFA00A4378C /* UnitConverter.swift in Sources */ = {isa = PBXBuildFile; fileRef = AB93D769223A5FFA00A4378C /* UnitConverter.swift */; };
		AB93D76C223A740300A4378C /* UiViewExtensions.swift in Sources */ = {isa = PBXBuildFile; fileRef = AB93D76B223A740300A4378C /* UiViewExtensions.swift */; };
		AB93D76E223A7C6000A4378C /* SelectionMode.swift in Sources */ = {isa = PBXBuildFile; fileRef = AB93D76D223A7C6000A4378C /* SelectionMode.swift */; };
		ABE208B622397E2300E0F013 /* AppDelegate.swift in Sources */ = {isa = PBXBuildFile; fileRef = ABE208B522397E2300E0F013 /* AppDelegate.swift */; };
		ABE208B822397E2300E0F013 /* ViewController.swift in Sources */ = {isa = PBXBuildFile; fileRef = ABE208B722397E2300E0F013 /* ViewController.swift */; };
		ABE208BB22397E2300E0F013 /* Main.storyboard in Resources */ = {isa = PBXBuildFile; fileRef = ABE208B922397E2300E0F013 /* Main.storyboard */; };
		ABE208BE22397E2300E0F013 /* Tiny_Converter.xcdatamodeld in Sources */ = {isa = PBXBuildFile; fileRef = ABE208BC22397E2300E0F013 /* Tiny_Converter.xcdatamodeld */; };
		ABE208C022397E2400E0F013 /* Assets.xcassets in Resources */ = {isa = PBXBuildFile; fileRef = ABE208BF22397E2400E0F013 /* Assets.xcassets */; };
		ABE208C322397E2400E0F013 /* LaunchScreen.storyboard in Resources */ = {isa = PBXBuildFile; fileRef = ABE208C122397E2400E0F013 /* LaunchScreen.storyboard */; };
		ABE208CE22397E2400E0F013 /* Tiny_ConverterTests.swift in Sources */ = {isa = PBXBuildFile; fileRef = ABE208CD22397E2400E0F013 /* Tiny_ConverterTests.swift */; };
		ABE208D92239846E00E0F013 /* GradientView.swift in Sources */ = {isa = PBXBuildFile; fileRef = ABE208D82239846E00E0F013 /* GradientView.swift */; };
		ABE208DB223989C500E0F013 /* UnderlinedTextField.swift in Sources */ = {isa = PBXBuildFile; fileRef = ABE208DA223989C500E0F013 /* UnderlinedTextField.swift */; };
		ABE208DD2239A46800E0F013 /* ModalViewController.swift in Sources */ = {isa = PBXBuildFile; fileRef = ABE208DC2239A46800E0F013 /* ModalViewController.swift */; };
		ABFA7EA6223ACF5D00A574A3 /* QuantityConversion.swift in Sources */ = {isa = PBXBuildFile; fileRef = ABFA7EA5223ACF5D00A574A3 /* QuantityConversion.swift */; };
		ABFBA496223C12160000E8F0 /* SettingsModalViewController.swift in Sources */ = {isa = PBXBuildFile; fileRef = ABFBA495223C12160000E8F0 /* SettingsModalViewController.swift */; };
		ABFBA49A223D205A0000E8F0 /* Settings.bundle in Resources */ = {isa = PBXBuildFile; fileRef = ABFBA499223D205A0000E8F0 /* Settings.bundle */; };
		ABFBA49C223D221B0000E8F0 /* SettingsBundleHelper.swift in Sources */ = {isa = PBXBuildFile; fileRef = ABFBA49B223D221B0000E8F0 /* SettingsBundleHelper.swift */; };
		ABFBA49E223D3F380000E8F0 /* EmbeddedTableViewController.swift in Sources */ = {isa = PBXBuildFile; fileRef = ABFBA49D223D3F380000E8F0 /* EmbeddedTableViewController.swift */; };
		DDDB403AD5C9A0CCCC15595B /* Pods_Tiny_ConverterTests.framework in Frameworks */ = {isa = PBXBuildFile; fileRef = C4F8017F7C94C71A0A28221A /* Pods_Tiny_ConverterTests.framework */; };
/* End PBXBuildFile section */

/* Begin PBXContainerItemProxy section */
		ABE208CA22397E2400E0F013 /* PBXContainerItemProxy */ = {
			isa = PBXContainerItemProxy;
			containerPortal = ABE208AA22397E2300E0F013 /* Project object */;
			proxyType = 1;
			remoteGlobalIDString = ABE208B122397E2300E0F013;
			remoteInfo = "Tiny Converter";
		};
/* End PBXContainerItemProxy section */

/* Begin PBXFileReference section */
		09853518B11ECAB5F9BBF0A4 /* Pods_Tiny_Converter.framework */ = {isa = PBXFileReference; explicitFileType = wrapper.framework; includeInIndex = 0; path = Pods_Tiny_Converter.framework; sourceTree = BUILT_PRODUCTS_DIR; };
		AB799F1A223B7A7400C94803 /* ComplexConversion.swift */ = {isa = PBXFileReference; fileEncoding = 4; lastKnownFileType = sourcecode.swift; path = ComplexConversion.swift; sourceTree = "<group>"; };
		AB799F1E223BA8AD00C94803 /* ZfRippleButton.swift */ = {isa = PBXFileReference; lastKnownFileType = sourcecode.swift; path = ZfRippleButton.swift; sourceTree = "<group>"; };
		AB799F20223BB65F00C94803 /* SimpleConversion.swift */ = {isa = PBXFileReference; lastKnownFileType = sourcecode.swift; path = SimpleConversion.swift; sourceTree = "<group>"; };
		AB799F24223BBA0A00C94803 /* TipInCellAnimator.swift */ = {isa = PBXFileReference; lastKnownFileType = sourcecode.swift; path = TipInCellAnimator.swift; sourceTree = "<group>"; };
		AB93D767223A449B00A4378C /* BorderButton.swift */ = {isa = PBXFileReference; fileEncoding = 4; lastKnownFileType = sourcecode.swift; path = BorderButton.swift; sourceTree = "<group>"; };
		AB93D769223A5FFA00A4378C /* UnitConverter.swift */ = {isa = PBXFileReference; lastKnownFileType = sourcecode.swift; path = UnitConverter.swift; sourceTree = "<group>"; };
		AB93D76B223A740300A4378C /* UiViewExtensions.swift */ = {isa = PBXFileReference; lastKnownFileType = sourcecode.swift; path = UiViewExtensions.swift; sourceTree = "<group>"; };
		AB93D76D223A7C6000A4378C /* SelectionMode.swift */ = {isa = PBXFileReference; lastKnownFileType = sourcecode.swift; path = SelectionMode.swift; sourceTree = "<group>"; };
		ABE208B222397E2300E0F013 /* Tiny Converter.app */ = {isa = PBXFileReference; explicitFileType = wrapper.application; includeInIndex = 0; path = "Tiny Converter.app"; sourceTree = BUILT_PRODUCTS_DIR; };
		ABE208B522397E2300E0F013 /* AppDelegate.swift */ = {isa = PBXFileReference; lastKnownFileType = sourcecode.swift; path = AppDelegate.swift; sourceTree = "<group>"; };
		ABE208B722397E2300E0F013 /* ViewController.swift */ = {isa = PBXFileReference; lastKnownFileType = sourcecode.swift; path = ViewController.swift; sourceTree = "<group>"; };
		ABE208BA22397E2300E0F013 /* Base */ = {isa = PBXFileReference; lastKnownFileType = file.storyboard; name = Base; path = Base.lproj/Main.storyboard; sourceTree = "<group>"; };
		ABE208BD22397E2300E0F013 /* Tiny_Converter.xcdatamodel */ = {isa = PBXFileReference; lastKnownFileType = wrapper.xcdatamodel; path = Tiny_Converter.xcdatamodel; sourceTree = "<group>"; };
		ABE208BF22397E2400E0F013 /* Assets.xcassets */ = {isa = PBXFileReference; lastKnownFileType = folder.assetcatalog; path = Assets.xcassets; sourceTree = "<group>"; };
		ABE208C222397E2400E0F013 /* Base */ = {isa = PBXFileReference; lastKnownFileType = file.storyboard; name = Base; path = Base.lproj/LaunchScreen.storyboard; sourceTree = "<group>"; };
		ABE208C422397E2400E0F013 /* Info.plist */ = {isa = PBXFileReference; lastKnownFileType = text.plist.xml; path = Info.plist; sourceTree = "<group>"; };
		ABE208C922397E2400E0F013 /* Tiny ConverterTests.xctest */ = {isa = PBXFileReference; explicitFileType = wrapper.cfbundle; includeInIndex = 0; path = "Tiny ConverterTests.xctest"; sourceTree = BUILT_PRODUCTS_DIR; };
		ABE208CD22397E2400E0F013 /* Tiny_ConverterTests.swift */ = {isa = PBXFileReference; lastKnownFileType = sourcecode.swift; path = Tiny_ConverterTests.swift; sourceTree = "<group>"; };
		ABE208CF22397E2400E0F013 /* Info.plist */ = {isa = PBXFileReference; lastKnownFileType = text.plist.xml; path = Info.plist; sourceTree = "<group>"; };
		ABE208D82239846E00E0F013 /* GradientView.swift */ = {isa = PBXFileReference; fileEncoding = 4; lastKnownFileType = sourcecode.swift; path = GradientView.swift; sourceTree = "<group>"; };
		ABE208DA223989C500E0F013 /* UnderlinedTextField.swift */ = {isa = PBXFileReference; lastKnownFileType = sourcecode.swift; path = UnderlinedTextField.swift; sourceTree = "<group>"; };
		ABE208DC2239A46800E0F013 /* ModalViewController.swift */ = {isa = PBXFileReference; lastKnownFileType = sourcecode.swift; path = ModalViewController.swift; sourceTree = "<group>"; };
		ABFA7EA5223ACF5D00A574A3 /* QuantityConversion.swift */ = {isa = PBXFileReference; lastKnownFileType = sourcecode.swift; path = QuantityConversion.swift; sourceTree = "<group>"; };
		ABFBA495223C12160000E8F0 /* SettingsModalViewController.swift */ = {isa = PBXFileReference; lastKnownFileType = sourcecode.swift; path = SettingsModalViewController.swift; sourceTree = "<group>"; };
		ABFBA499223D205A0000E8F0 /* Settings.bundle */ = {isa = PBXFileReference; lastKnownFileType = "wrapper.plug-in"; path = Settings.bundle; sourceTree = "<group>"; };
		ABFBA49B223D221B0000E8F0 /* SettingsBundleHelper.swift */ = {isa = PBXFileReference; lastKnownFileType = sourcecode.swift; path = SettingsBundleHelper.swift; sourceTree = "<group>"; };
		ABFBA49D223D3F380000E8F0 /* EmbeddedTableViewController.swift */ = {isa = PBXFileReference; lastKnownFileType = sourcecode.swift; path = EmbeddedTableViewController.swift; sourceTree = "<group>"; };
		B924BD8DCD97570BC01447E2 /* Pods-Tiny ConverterTests.release.xcconfig */ = {isa = PBXFileReference; includeInIndex = 1; lastKnownFileType = text.xcconfig; name = "Pods-Tiny ConverterTests.release.xcconfig"; path = "Target Support Files/Pods-Tiny ConverterTests/Pods-Tiny ConverterTests.release.xcconfig"; sourceTree = "<group>"; };
		B998FCEC2D4B3ECDC81C06F7 /* Pods-Tiny Converter.release.xcconfig */ = {isa = PBXFileReference; includeInIndex = 1; lastKnownFileType = text.xcconfig; name = "Pods-Tiny Converter.release.xcconfig"; path = "Target Support Files/Pods-Tiny Converter/Pods-Tiny Converter.release.xcconfig"; sourceTree = "<group>"; };
		C4F8017F7C94C71A0A28221A /* Pods_Tiny_ConverterTests.framework */ = {isa = PBXFileReference; explicitFileType = wrapper.framework; includeInIndex = 0; path = Pods_Tiny_ConverterTests.framework; sourceTree = BUILT_PRODUCTS_DIR; };
		DFC88B389B2BC5DDA8A09433 /* Pods-Tiny ConverterTests.debug.xcconfig */ = {isa = PBXFileReference; includeInIndex = 1; lastKnownFileType = text.xcconfig; name = "Pods-Tiny ConverterTests.debug.xcconfig"; path = "Target Support Files/Pods-Tiny ConverterTests/Pods-Tiny ConverterTests.debug.xcconfig"; sourceTree = "<group>"; };
		FD7247AF9E93032C0071D4D7 /* Pods-Tiny Converter.debug.xcconfig */ = {isa = PBXFileReference; includeInIndex = 1; lastKnownFileType = text.xcconfig; name = "Pods-Tiny Converter.debug.xcconfig"; path = "Target Support Files/Pods-Tiny Converter/Pods-Tiny Converter.debug.xcconfig"; sourceTree = "<group>"; };
/* End PBXFileReference section */

/* Begin PBXFrameworksBuildPhase section */
		ABE208AF22397E2300E0F013 /* Frameworks */ = {
			isa = PBXFrameworksBuildPhase;
			buildActionMask = 2147483647;
			files = (
				20AA7D7E06C9550052D828C3 /* Pods_Tiny_Converter.framework in Frameworks */,
			);
			runOnlyForDeploymentPostprocessing = 0;
		};
		ABE208C622397E2400E0F013 /* Frameworks */ = {
			isa = PBXFrameworksBuildPhase;
			buildActionMask = 2147483647;
			files = (
				DDDB403AD5C9A0CCCC15595B /* Pods_Tiny_ConverterTests.framework in Frameworks */,
			);
			runOnlyForDeploymentPostprocessing = 0;
		};
/* End PBXFrameworksBuildPhase section */

/* Begin PBXGroup section */
		6AD2367008BAB658CF33DFCA /* Frameworks */ = {
			isa = PBXGroup;
			children = (
				09853518B11ECAB5F9BBF0A4 /* Pods_Tiny_Converter.framework */,
				C4F8017F7C94C71A0A28221A /* Pods_Tiny_ConverterTests.framework */,
			);
			name = Frameworks;
			sourceTree = "<group>";
		};
		AB799F22223BB67200C94803 /* UI */ = {
			isa = PBXGroup;
			children = (
				AB799F24223BBA0A00C94803 /* TipInCellAnimator.swift */,
				AB799F1E223BA8AD00C94803 /* ZfRippleButton.swift */,
				AB93D76B223A740300A4378C /* UiViewExtensions.swift */,
				ABE208DA223989C500E0F013 /* UnderlinedTextField.swift */,
				ABE208D82239846E00E0F013 /* GradientView.swift */,
				AB93D767223A449B00A4378C /* BorderButton.swift */,
			);
			path = UI;
			sourceTree = "<group>";
		};
		AB799F23223BB6B400C94803 /* Conversion */ = {
			isa = PBXGroup;
			children = (
				AB93D769223A5FFA00A4378C /* UnitConverter.swift */,
				ABFA7EA5223ACF5D00A574A3 /* QuantityConversion.swift */,
				AB799F20223BB65F00C94803 /* SimpleConversion.swift */,
				AB799F1A223B7A7400C94803 /* ComplexConversion.swift */,
			);
			path = Conversion;
			sourceTree = "<group>";
		};
		ABE208A922397E2300E0F013 = {
			isa = PBXGroup;
			children = (
				ABE208B422397E2300E0F013 /* Tiny Converter */,
				ABE208CC22397E2400E0F013 /* Tiny ConverterTests */,
				ABE208B322397E2300E0F013 /* Products */,
				E142EE3C6204BE9A8A210AEF /* Pods */,
				6AD2367008BAB658CF33DFCA /* Frameworks */,
			);
			sourceTree = "<group>";
		};
		ABE208B322397E2300E0F013 /* Products */ = {
			isa = PBXGroup;
			children = (
				ABE208B222397E2300E0F013 /* Tiny Converter.app */,
				ABE208C922397E2400E0F013 /* Tiny ConverterTests.xctest */,
			);
			name = Products;
			sourceTree = "<group>";
		};
		ABE208B422397E2300E0F013 /* Tiny Converter */ = {
			isa = PBXGroup;
			children = (
				AB799F23223BB6B400C94803 /* Conversion */,
				AB799F22223BB67200C94803 /* UI */,
				ABE208B522397E2300E0F013 /* AppDelegate.swift */,
				ABE208B722397E2300E0F013 /* ViewController.swift */,
				ABE208B922397E2300E0F013 /* Main.storyboard */,
				ABE208BF22397E2400E0F013 /* Assets.xcassets */,
				ABE208C122397E2400E0F013 /* LaunchScreen.storyboard */,
				ABE208C422397E2400E0F013 /* Info.plist */,
				ABE208BC22397E2300E0F013 /* Tiny_Converter.xcdatamodeld */,
				ABE208DC2239A46800E0F013 /* ModalViewController.swift */,
				AB93D76D223A7C6000A4378C /* SelectionMode.swift */,
				ABFBA495223C12160000E8F0 /* SettingsModalViewController.swift */,
				ABFBA499223D205A0000E8F0 /* Settings.bundle */,
				ABFBA49B223D221B0000E8F0 /* SettingsBundleHelper.swift */,
				ABFBA49D223D3F380000E8F0 /* EmbeddedTableViewController.swift */,
			);
			path = "Tiny Converter";
			sourceTree = "<group>";
		};
		ABE208CC22397E2400E0F013 /* Tiny ConverterTests */ = {
			isa = PBXGroup;
			children = (
				ABE208CD22397E2400E0F013 /* Tiny_ConverterTests.swift */,
				ABE208CF22397E2400E0F013 /* Info.plist */,
			);
			path = "Tiny ConverterTests";
			sourceTree = "<group>";
		};
		E142EE3C6204BE9A8A210AEF /* Pods */ = {
			isa = PBXGroup;
			children = (
				FD7247AF9E93032C0071D4D7 /* Pods-Tiny Converter.debug.xcconfig */,
				B998FCEC2D4B3ECDC81C06F7 /* Pods-Tiny Converter.release.xcconfig */,
				DFC88B389B2BC5DDA8A09433 /* Pods-Tiny ConverterTests.debug.xcconfig */,
				B924BD8DCD97570BC01447E2 /* Pods-Tiny ConverterTests.release.xcconfig */,
			);
			path = Pods;
			sourceTree = "<group>";
		};
/* End PBXGroup section */

/* Begin PBXNativeTarget section */
		ABE208B122397E2300E0F013 /* Tiny Converter */ = {
			isa = PBXNativeTarget;
			buildConfigurationList = ABE208D222397E2400E0F013 /* Build configuration list for PBXNativeTarget "Tiny Converter" */;
			buildPhases = (
				FC5B1C6731DD477B9539D739 /* [CP] Check Pods Manifest.lock */,
				ABE208AE22397E2300E0F013 /* Sources */,
				ABE208AF22397E2300E0F013 /* Frameworks */,
				ABE208B022397E2300E0F013 /* Resources */,
				2125CDF7EA63F3313A2D5E46 /* [CP] Embed Pods Frameworks */,
			);
			buildRules = (
			);
			dependencies = (
			);
			name = "Tiny Converter";
			productName = "Tiny Converter";
			productReference = ABE208B222397E2300E0F013 /* Tiny Converter.app */;
			productType = "com.apple.product-type.application";
		};
		ABE208C822397E2400E0F013 /* Tiny ConverterTests */ = {
			isa = PBXNativeTarget;
			buildConfigurationList = ABE208D522397E2400E0F013 /* Build configuration list for PBXNativeTarget "Tiny ConverterTests" */;
			buildPhases = (
				50EB8BAD1A2855B515D32DEF /* [CP] Check Pods Manifest.lock */,
				ABE208C522397E2400E0F013 /* Sources */,
				ABE208C622397E2400E0F013 /* Frameworks */,
				ABE208C722397E2400E0F013 /* Resources */,
			);
			buildRules = (
			);
			dependencies = (
				ABE208CB22397E2400E0F013 /* PBXTargetDependency */,
			);
			name = "Tiny ConverterTests";
			productName = "Tiny ConverterTests";
			productReference = ABE208C922397E2400E0F013 /* Tiny ConverterTests.xctest */;
			productType = "com.apple.product-type.bundle.unit-test";
		};
/* End PBXNativeTarget section */

/* Begin PBXProject section */
		ABE208AA22397E2300E0F013 /* Project object */ = {
			isa = PBXProject;
			attributes = {
				LastSwiftUpdateCheck = 1010;
				LastUpgradeCheck = 1010;
				ORGANIZATIONNAME = SimpleTechture;
				TargetAttributes = {
					ABE208B122397E2300E0F013 = {
						CreatedOnToolsVersion = 10.1;
					};
					ABE208C822397E2400E0F013 = {
						CreatedOnToolsVersion = 10.1;
						TestTargetID = ABE208B122397E2300E0F013;
					};
				};
			};
			buildConfigurationList = ABE208AD22397E2300E0F013 /* Build configuration list for PBXProject "Tiny Converter" */;
			compatibilityVersion = "Xcode 9.3";
			developmentRegion = en;
			hasScannedForEncodings = 0;
			knownRegions = (
				en,
				Base,
			);
			mainGroup = ABE208A922397E2300E0F013;
			productRefGroup = ABE208B322397E2300E0F013 /* Products */;
			projectDirPath = "";
			projectRoot = "";
			targets = (
				ABE208B122397E2300E0F013 /* Tiny Converter */,
				ABE208C822397E2400E0F013 /* Tiny ConverterTests */,
			);
		};
/* End PBXProject section */

/* Begin PBXResourcesBuildPhase section */
		ABE208B022397E2300E0F013 /* Resources */ = {
			isa = PBXResourcesBuildPhase;
			buildActionMask = 2147483647;
			files = (
				ABFBA49A223D205A0000E8F0 /* Settings.bundle in Resources */,
				ABE208C322397E2400E0F013 /* LaunchScreen.storyboard in Resources */,
				ABE208C022397E2400E0F013 /* Assets.xcassets in Resources */,
				ABE208BB22397E2300E0F013 /* Main.storyboard in Resources */,
			);
			runOnlyForDeploymentPostprocessing = 0;
		};
		ABE208C722397E2400E0F013 /* Resources */ = {
			isa = PBXResourcesBuildPhase;
			buildActionMask = 2147483647;
			files = (
			);
			runOnlyForDeploymentPostprocessing = 0;
		};
/* End PBXResourcesBuildPhase section */

/* Begin PBXShellScriptBuildPhase section */
		2125CDF7EA63F3313A2D5E46 /* [CP] Embed Pods Frameworks */ = {
			isa = PBXShellScriptBuildPhase;
			buildActionMask = 2147483647;
			files = (
			);
			inputFileListPaths = (
			);
			inputPaths = (
				"${PODS_ROOT}/Target Support Files/Pods-Tiny Converter/Pods-Tiny Converter-frameworks.sh",
				"${BUILT_PRODUCTS_DIR}/SPStorkController/SPStorkController.framework",
				"${BUILT_PRODUCTS_DIR}/SparrowKit/SparrowKit.framework",
			);
			name = "[CP] Embed Pods Frameworks";
			outputFileListPaths = (
			);
			outputPaths = (
				"${TARGET_BUILD_DIR}/${FRAMEWORKS_FOLDER_PATH}/SPStorkController.framework",
				"${TARGET_BUILD_DIR}/${FRAMEWORKS_FOLDER_PATH}/SparrowKit.framework",
			);
			runOnlyForDeploymentPostprocessing = 0;
			shellPath = /bin/sh;
			shellScript = "\"${PODS_ROOT}/Target Support Files/Pods-Tiny Converter/Pods-Tiny Converter-frameworks.sh\"\n";
			showEnvVarsInLog = 0;
		};
		50EB8BAD1A2855B515D32DEF /* [CP] Check Pods Manifest.lock */ = {
			isa = PBXShellScriptBuildPhase;
			buildActionMask = 2147483647;
			files = (
			);
			inputFileListPaths = (
			);
			inputPaths = (
				"${PODS_PODFILE_DIR_PATH}/Podfile.lock",
				"${PODS_ROOT}/Manifest.lock",
			);
			name = "[CP] Check Pods Manifest.lock";
			outputFileListPaths = (
			);
			outputPaths = (
				"$(DERIVED_FILE_DIR)/Pods-Tiny ConverterTests-checkManifestLockResult.txt",
			);
			runOnlyForDeploymentPostprocessing = 0;
			shellPath = /bin/sh;
			shellScript = "diff \"${PODS_PODFILE_DIR_PATH}/Podfile.lock\" \"${PODS_ROOT}/Manifest.lock\" > /dev/null\nif [ $? != 0 ] ; then\n    # print error to STDERR\n    echo \"error: The sandbox is not in sync with the Podfile.lock. Run 'pod install' or update your CocoaPods installation.\" >&2\n    exit 1\nfi\n# This output is used by Xcode 'outputs' to avoid re-running this script phase.\necho \"SUCCESS\" > \"${SCRIPT_OUTPUT_FILE_0}\"\n";
			showEnvVarsInLog = 0;
		};
		FC5B1C6731DD477B9539D739 /* [CP] Check Pods Manifest.lock */ = {
			isa = PBXShellScriptBuildPhase;
			buildActionMask = 2147483647;
			files = (
			);
			inputFileListPaths = (
			);
			inputPaths = (
				"${PODS_PODFILE_DIR_PATH}/Podfile.lock",
				"${PODS_ROOT}/Manifest.lock",
			);
			name = "[CP] Check Pods Manifest.lock";
			outputFileListPaths = (
			);
			outputPaths = (
				"$(DERIVED_FILE_DIR)/Pods-Tiny Converter-checkManifestLockResult.txt",
			);
			runOnlyForDeploymentPostprocessing = 0;
			shellPath = /bin/sh;
			shellScript = "diff \"${PODS_PODFILE_DIR_PATH}/Podfile.lock\" \"${PODS_ROOT}/Manifest.lock\" > /dev/null\nif [ $? != 0 ] ; then\n    # print error to STDERR\n    echo \"error: The sandbox is not in sync with the Podfile.lock. Run 'pod install' or update your CocoaPods installation.\" >&2\n    exit 1\nfi\n# This output is used by Xcode 'outputs' to avoid re-running this script phase.\necho \"SUCCESS\" > \"${SCRIPT_OUTPUT_FILE_0}\"\n";
			showEnvVarsInLog = 0;
		};
/* End PBXShellScriptBuildPhase section */

/* Begin PBXSourcesBuildPhase section */
		ABE208AE22397E2300E0F013 /* Sources */ = {
			isa = PBXSourcesBuildPhase;
			buildActionMask = 2147483647;
			files = (
				ABE208DB223989C500E0F013 /* UnderlinedTextField.swift in Sources */,
				ABE208B822397E2300E0F013 /* ViewController.swift in Sources */,
				ABE208BE22397E2300E0F013 /* Tiny_Converter.xcdatamodeld in Sources */,
				AB799F21223BB65F00C94803 /* SimpleConversion.swift in Sources */,
				ABE208D92239846E00E0F013 /* GradientView.swift in Sources */,
				ABFBA49C223D221B0000E8F0 /* SettingsBundleHelper.swift in Sources */,
				ABE208DD2239A46800E0F013 /* ModalViewController.swift in Sources */,
				AB93D76E223A7C6000A4378C /* SelectionMode.swift in Sources */,
				AB799F25223BBA0A00C94803 /* TipInCellAnimator.swift in Sources */,
				AB799F1B223B7A7400C94803 /* ComplexConversion.swift in Sources */,
				AB93D76C223A740300A4378C /* UiViewExtensions.swift in Sources */,
				ABFA7EA6223ACF5D00A574A3 /* QuantityConversion.swift in Sources */,
				ABFBA496223C12160000E8F0 /* SettingsModalViewController.swift in Sources */,
				AB93D76A223A5FFA00A4378C /* UnitConverter.swift in Sources */,
				ABE208B622397E2300E0F013 /* AppDelegate.swift in Sources */,
				AB93D768223A449B00A4378C /* BorderButton.swift in Sources */,
				AB799F1F223BA8AD00C94803 /* ZfRippleButton.swift in Sources */,
				ABFBA49E223D3F380000E8F0 /* EmbeddedTableViewController.swift in Sources */,
			);
			runOnlyForDeploymentPostprocessing = 0;
		};
		ABE208C522397E2400E0F013 /* Sources */ = {
			isa = PBXSourcesBuildPhase;
			buildActionMask = 2147483647;
			files = (
				ABE208CE22397E2400E0F013 /* Tiny_ConverterTests.swift in Sources */,
			);
			runOnlyForDeploymentPostprocessing = 0;
		};
/* End PBXSourcesBuildPhase section */

/* Begin PBXTargetDependency section */
		ABE208CB22397E2400E0F013 /* PBXTargetDependency */ = {
			isa = PBXTargetDependency;
			target = ABE208B122397E2300E0F013 /* Tiny Converter */;
			targetProxy = ABE208CA22397E2400E0F013 /* PBXContainerItemProxy */;
		};
/* End PBXTargetDependency section */

/* Begin PBXVariantGroup section */
		ABE208B922397E2300E0F013 /* Main.storyboard */ = {
			isa = PBXVariantGroup;
			children = (
				ABE208BA22397E2300E0F013 /* Base */,
			);
			name = Main.storyboard;
			sourceTree = "<group>";
		};
		ABE208C122397E2400E0F013 /* LaunchScreen.storyboard */ = {
			isa = PBXVariantGroup;
			children = (
				ABE208C222397E2400E0F013 /* Base */,
			);
			name = LaunchScreen.storyboard;
			sourceTree = "<group>";
		};
/* End PBXVariantGroup section */

/* Begin XCBuildConfiguration section */
		ABE208D022397E2400E0F013 /* Debug */ = {
			isa = XCBuildConfiguration;
			buildSettings = {
				ALWAYS_SEARCH_USER_PATHS = NO;
				CLANG_ANALYZER_NONNULL = YES;
				CLANG_ANALYZER_NUMBER_OBJECT_CONVERSION = YES_AGGRESSIVE;
				CLANG_CXX_LANGUAGE_STANDARD = "gnu++14";
				CLANG_CXX_LIBRARY = "libc++";
				CLANG_ENABLE_MODULES = YES;
				CLANG_ENABLE_OBJC_ARC = YES;
				CLANG_ENABLE_OBJC_WEAK = YES;
				CLANG_WARN_BLOCK_CAPTURE_AUTORELEASING = YES;
				CLANG_WARN_BOOL_CONVERSION = YES;
				CLANG_WARN_COMMA = YES;
				CLANG_WARN_CONSTANT_CONVERSION = YES;
				CLANG_WARN_DEPRECATED_OBJC_IMPLEMENTATIONS = YES;
				CLANG_WARN_DIRECT_OBJC_ISA_USAGE = YES_ERROR;
				CLANG_WARN_DOCUMENTATION_COMMENTS = YES;
				CLANG_WARN_EMPTY_BODY = YES;
				CLANG_WARN_ENUM_CONVERSION = YES;
				CLANG_WARN_INFINITE_RECURSION = YES;
				CLANG_WARN_INT_CONVERSION = YES;
				CLANG_WARN_NON_LITERAL_NULL_CONVERSION = YES;
				CLANG_WARN_OBJC_IMPLICIT_RETAIN_SELF = YES;
				CLANG_WARN_OBJC_LITERAL_CONVERSION = YES;
				CLANG_WARN_OBJC_ROOT_CLASS = YES_ERROR;
				CLANG_WARN_RANGE_LOOP_ANALYSIS = YES;
				CLANG_WARN_STRICT_PROTOTYPES = YES;
				CLANG_WARN_SUSPICIOUS_MOVE = YES;
				CLANG_WARN_UNGUARDED_AVAILABILITY = YES_AGGRESSIVE;
				CLANG_WARN_UNREACHABLE_CODE = YES;
				CLANG_WARN__DUPLICATE_METHOD_MATCH = YES;
				CODE_SIGN_IDENTITY = "iPhone Developer";
				COPY_PHASE_STRIP = NO;
				DEBUG_INFORMATION_FORMAT = dwarf;
				ENABLE_STRICT_OBJC_MSGSEND = YES;
				ENABLE_TESTABILITY = YES;
				GCC_C_LANGUAGE_STANDARD = gnu11;
				GCC_DYNAMIC_NO_PIC = NO;
				GCC_NO_COMMON_BLOCKS = YES;
				GCC_OPTIMIZATION_LEVEL = 0;
				GCC_PREPROCESSOR_DEFINITIONS = (
					"DEBUG=1",
					"$(inherited)",
				);
				GCC_WARN_64_TO_32_BIT_CONVERSION = YES;
				GCC_WARN_ABOUT_RETURN_TYPE = YES_ERROR;
				GCC_WARN_UNDECLARED_SELECTOR = YES;
				GCC_WARN_UNINITIALIZED_AUTOS = YES_AGGRESSIVE;
				GCC_WARN_UNUSED_FUNCTION = YES;
				GCC_WARN_UNUSED_VARIABLE = YES;
				IPHONEOS_DEPLOYMENT_TARGET = 12.1;
				MTL_ENABLE_DEBUG_INFO = INCLUDE_SOURCE;
				MTL_FAST_MATH = YES;
				ONLY_ACTIVE_ARCH = YES;
				SDKROOT = iphoneos;
				SWIFT_ACTIVE_COMPILATION_CONDITIONS = DEBUG;
				SWIFT_OPTIMIZATION_LEVEL = "-Onone";
			};
			name = Debug;
		};
		ABE208D122397E2400E0F013 /* Release */ = {
			isa = XCBuildConfiguration;
			buildSettings = {
				ALWAYS_SEARCH_USER_PATHS = NO;
				CLANG_ANALYZER_NONNULL = YES;
				CLANG_ANALYZER_NUMBER_OBJECT_CONVERSION = YES_AGGRESSIVE;
				CLANG_CXX_LANGUAGE_STANDARD = "gnu++14";
				CLANG_CXX_LIBRARY = "libc++";
				CLANG_ENABLE_MODULES = YES;
				CLANG_ENABLE_OBJC_ARC = YES;
				CLANG_ENABLE_OBJC_WEAK = YES;
				CLANG_WARN_BLOCK_CAPTURE_AUTORELEASING = YES;
				CLANG_WARN_BOOL_CONVERSION = YES;
				CLANG_WARN_COMMA = YES;
				CLANG_WARN_CONSTANT_CONVERSION = YES;
				CLANG_WARN_DEPRECATED_OBJC_IMPLEMENTATIONS = YES;
				CLANG_WARN_DIRECT_OBJC_ISA_USAGE = YES_ERROR;
				CLANG_WARN_DOCUMENTATION_COMMENTS = YES;
				CLANG_WARN_EMPTY_BODY = YES;
				CLANG_WARN_ENUM_CONVERSION = YES;
				CLANG_WARN_INFINITE_RECURSION = YES;
				CLANG_WARN_INT_CONVERSION = YES;
				CLANG_WARN_NON_LITERAL_NULL_CONVERSION = YES;
				CLANG_WARN_OBJC_IMPLICIT_RETAIN_SELF = YES;
				CLANG_WARN_OBJC_LITERAL_CONVERSION = YES;
				CLANG_WARN_OBJC_ROOT_CLASS = YES_ERROR;
				CLANG_WARN_RANGE_LOOP_ANALYSIS = YES;
				CLANG_WARN_STRICT_PROTOTYPES = YES;
				CLANG_WARN_SUSPICIOUS_MOVE = YES;
				CLANG_WARN_UNGUARDED_AVAILABILITY = YES_AGGRESSIVE;
				CLANG_WARN_UNREACHABLE_CODE = YES;
				CLANG_WARN__DUPLICATE_METHOD_MATCH = YES;
				CODE_SIGN_IDENTITY = "iPhone Developer";
				COPY_PHASE_STRIP = NO;
				DEBUG_INFORMATION_FORMAT = "dwarf-with-dsym";
				ENABLE_NS_ASSERTIONS = NO;
				ENABLE_STRICT_OBJC_MSGSEND = YES;
				GCC_C_LANGUAGE_STANDARD = gnu11;
				GCC_NO_COMMON_BLOCKS = YES;
				GCC_WARN_64_TO_32_BIT_CONVERSION = YES;
				GCC_WARN_ABOUT_RETURN_TYPE = YES_ERROR;
				GCC_WARN_UNDECLARED_SELECTOR = YES;
				GCC_WARN_UNINITIALIZED_AUTOS = YES_AGGRESSIVE;
				GCC_WARN_UNUSED_FUNCTION = YES;
				GCC_WARN_UNUSED_VARIABLE = YES;
				IPHONEOS_DEPLOYMENT_TARGET = 12.1;
				MTL_ENABLE_DEBUG_INFO = NO;
				MTL_FAST_MATH = YES;
				SDKROOT = iphoneos;
				SWIFT_COMPILATION_MODE = wholemodule;
				SWIFT_OPTIMIZATION_LEVEL = "-O";
				VALIDATE_PRODUCT = YES;
			};
			name = Release;
		};
		ABE208D322397E2400E0F013 /* Debug */ = {
			isa = XCBuildConfiguration;
			baseConfigurationReference = FD7247AF9E93032C0071D4D7 /* Pods-Tiny Converter.debug.xcconfig */;
			buildSettings = {
				ASSETCATALOG_COMPILER_APPICON_NAME = AppIcon;
				ASSETCATALOG_COMPILER_LAUNCHIMAGE_NAME = LaunchImage;
				CODE_SIGN_STYLE = Automatic;
				DEVELOPMENT_TEAM = PF64NZ9WG6;
				INFOPLIST_FILE = "Tiny Converter/Info.plist";
				LD_RUNPATH_SEARCH_PATHS = (
					"$(inherited)",
					"@executable_path/Frameworks",
				);
				PRODUCT_BUNDLE_IDENTIFIER = "nl.simpletechture.Tiny-Converter";
				PRODUCT_NAME = "$(TARGET_NAME)";
				SWIFT_VERSION = 4.2;
				TARGETED_DEVICE_FAMILY = "1,2";
			};
			name = Debug;
		};
		ABE208D422397E2400E0F013 /* Release */ = {
			isa = XCBuildConfiguration;
			baseConfigurationReference = B998FCEC2D4B3ECDC81C06F7 /* Pods-Tiny Converter.release.xcconfig */;
			buildSettings = {
				ASSETCATALOG_COMPILER_APPICON_NAME = AppIcon;
				ASSETCATALOG_COMPILER_LAUNCHIMAGE_NAME = LaunchImage;
				CODE_SIGN_STYLE = Automatic;
				DEVELOPMENT_TEAM = PF64NZ9WG6;
				INFOPLIST_FILE = "Tiny Converter/Info.plist";
				LD_RUNPATH_SEARCH_PATHS = (
					"$(inherited)",
					"@executable_path/Frameworks",
				);
				PRODUCT_BUNDLE_IDENTIFIER = "nl.simpletechture.Tiny-Converter";
				PRODUCT_NAME = "$(TARGET_NAME)";
				SWIFT_VERSION = 4.2;
				TARGETED_DEVICE_FAMILY = "1,2";
			};
			name = Release;
		};
		ABE208D622397E2400E0F013 /* Debug */ = {
			isa = XCBuildConfiguration;
			baseConfigurationReference = DFC88B389B2BC5DDA8A09433 /* Pods-Tiny ConverterTests.debug.xcconfig */;
			buildSettings = {
				ALWAYS_EMBED_SWIFT_STANDARD_LIBRARIES = YES;
				BUNDLE_LOADER = "$(TEST_HOST)";
				CODE_SIGN_STYLE = Automatic;
				DEVELOPMENT_TEAM = PF64NZ9WG6;
				INFOPLIST_FILE = "Tiny ConverterTests/Info.plist";
				LD_RUNPATH_SEARCH_PATHS = (
					"$(inherited)",
					"@executable_path/Frameworks",
					"@loader_path/Frameworks",
				);
				PRODUCT_BUNDLE_IDENTIFIER = "nl.simpletechture.Tiny-ConverterTests";
				PRODUCT_NAME = "$(TARGET_NAME)";
				SWIFT_VERSION = 4.2;
				TARGETED_DEVICE_FAMILY = "1,2";
				TEST_HOST = "$(BUILT_PRODUCTS_DIR)/Tiny Converter.app/Tiny Converter";
			};
			name = Debug;
		};
		ABE208D722397E2400E0F013 /* Release */ = {
			isa = XCBuildConfiguration;
			baseConfigurationReference = B924BD8DCD97570BC01447E2 /* Pods-Tiny ConverterTests.release.xcconfig */;
			buildSettings = {
				ALWAYS_EMBED_SWIFT_STANDARD_LIBRARIES = YES;
				BUNDLE_LOADER = "$(TEST_HOST)";
				CODE_SIGN_STYLE = Automatic;
				DEVELOPMENT_TEAM = PF64NZ9WG6;
				INFOPLIST_FILE = "Tiny ConverterTests/Info.plist";
				LD_RUNPATH_SEARCH_PATHS = (
					"$(inherited)",
					"@executable_path/Frameworks",
					"@loader_path/Frameworks",
				);
				PRODUCT_BUNDLE_IDENTIFIER = "nl.simpletechture.Tiny-ConverterTests";
				PRODUCT_NAME = "$(TARGET_NAME)";
				SWIFT_VERSION = 4.2;
				TARGETED_DEVICE_FAMILY = "1,2";
				TEST_HOST = "$(BUILT_PRODUCTS_DIR)/Tiny Converter.app/Tiny Converter";
			};
			name = Release;
		};
/* End XCBuildConfiguration section */

/* Begin XCConfigurationList section */
		ABE208AD22397E2300E0F013 /* Build configuration list for PBXProject "Tiny Converter" */ = {
			isa = XCConfigurationList;
			buildConfigurations = (
				ABE208D022397E2400E0F013 /* Debug */,
				ABE208D122397E2400E0F013 /* Release */,
			);
			defaultConfigurationIsVisible = 0;
			defaultConfigurationName = Release;
		};
		ABE208D222397E2400E0F013 /* Build configuration list for PBXNativeTarget "Tiny Converter" */ = {
			isa = XCConfigurationList;
			buildConfigurations = (
				ABE208D322397E2400E0F013 /* Debug */,
				ABE208D422397E2400E0F013 /* Release */,
			);
			defaultConfigurationIsVisible = 0;
			defaultConfigurationName = Release;
		};
		ABE208D522397E2400E0F013 /* Build configuration list for PBXNativeTarget "Tiny ConverterTests" */ = {
			isa = XCConfigurationList;
			buildConfigurations = (
				ABE208D622397E2400E0F013 /* Debug */,
				ABE208D722397E2400E0F013 /* Release */,
			);
			defaultConfigurationIsVisible = 0;
			defaultConfigurationName = Release;
		};
/* End XCConfigurationList section */

/* Begin XCVersionGroup section */
		ABE208BC22397E2300E0F013 /* Tiny_Converter.xcdatamodeld */ = {
			isa = XCVersionGroup;
			children = (
				ABE208BD22397E2300E0F013 /* Tiny_Converter.xcdatamodel */,
			);
			currentVersion = ABE208BD22397E2300E0F013 /* Tiny_Converter.xcdatamodel */;
			path = Tiny_Converter.xcdatamodeld;
			sourceTree = "<group>";
			versionGroupType = wrapper.xcdatamodel;
		};
/* End XCVersionGroup section */
	};
	rootObject = ABE208AA22397E2300E0F013 /* Project object */;
}
