// !$*UTF8*$!
{
	archiveVersion = 1;
	classes = {
	};
	objectVersion = 50;
	objects = {

/* Begin PBXBuildFile section */
		ABE208B622397E2300E0F013 /* AppDelegate.swift in Sources */ = {isa = PBXBuildFile; fileRef = ABE208B522397E2300E0F013 /* AppDelegate.swift */; };
		ABE208B822397E2300E0F013 /* ViewController.swift in Sources */ = {isa = PBXBuildFile; fileRef = ABE208B722397E2300E0F013 /* ViewController.swift */; };
		ABE208BB22397E2300E0F013 /* Main.storyboard in Resources */ = {isa = PBXBuildFile; fileRef = ABE208B922397E2300E0F013 /* Main.storyboard */; };
		ABE208BE22397E2300E0F013 /* Tiny_Converter.xcdatamodeld in Sources */ = {isa = PBXBuildFile; fileRef = ABE208BC22397E2300E0F013 /* Tiny_Converter.xcdatamodeld */; };
		ABE208C022397E2400E0F013 /* Assets.xcassets in Resources */ = {isa = PBXBuildFile; fileRef = ABE208BF22397E2400E0F013 /* Assets.xcassets */; };
		ABE208C322397E2400E0F013 /* LaunchScreen.storyboard in Resources */ = {isa = PBXBuildFile; fileRef = ABE208C122397E2400E0F013 /* LaunchScreen.storyboard */; };
		ABE208CE22397E2400E0F013 /* Tiny_ConverterTests.swift in Sources */ = {isa = PBXBuildFile; fileRef = ABE208CD22397E2400E0F013 /* Tiny_ConverterTests.swift */; };
/* End PBXBuildFile section */

/* Begin PBXContainerItemProxy section */
		ABE208CA22397E2400E0F013 /* PBXContainerItemProxy */ = {
			isa = PBXContainerItemProxy;
			containerPortal = ABE208AA22397E2300E0F013 /* Project object */;
			proxyType = 1;
			remoteGlobalIDString = ABE208B122397E2300E0F013;
			remoteInfo = "Tiny Converter";
		};
/* End PBXContainerItemProxy section */

/* Begin PBXFileReference section */
		ABE208B222397E2300E0F013 /* Tiny Converter.app */ = {isa = PBXFileReference; explicitFileType = wrapper.application; includeInIndex = 0; path = "Tiny Converter.app"; sourceTree = BUILT_PRODUCTS_DIR; };
		ABE208B522397E2300E0F013 /* AppDelegate.swift */ = {isa = PBXFileReference; lastKnownFileType = sourcecode.swift; path = AppDelegate.swift; sourceTree = "<group>"; };
		ABE208B722397E2300E0F013 /* ViewController.swift */ = {isa = PBXFileReference; lastKnownFileType = sourcecode.swift; path = ViewController.swift; sourceTree = "<group>"; };
		ABE208BA22397E2300E0F013 /* Base */ = {isa = PBXFileReference; lastKnownFileType = file.storyboard; name = Base; path = Base.lproj/Main.storyboard; sourceTree = "<group>"; };
		ABE208BD22397E2300E0F013 /* Tiny_Converter.xcdatamodel */ = {isa = PBXFileReference; lastKnownFileType = wrapper.xcdatamodel; path = Tiny_Converter.xcdatamodel; sourceTree = "<group>"; };
		ABE208BF22397E2400E0F013 /* Assets.xcassets */ = {isa = PBXFileReference; lastKnownFileType = folder.assetcatalog; path = Assets.xcassets; sourceTree = "<group>"; };
		ABE208C222397E2400E0F013 /* Base */ = {isa = PBXFileReference; lastKnownFileType = file.storyboard; name = Base; path = Base.lproj/LaunchScreen.storyboard; sourceTree = "<group>"; };
		ABE208C422397E2400E0F013 /* Info.plist */ = {isa = PBXFileReference; lastKnownFileType = text.plist.xml; path = Info.plist; sourceTree = "<group>"; };
		ABE208C922397E2400E0F013 /* Tiny ConverterTests.xctest */ = {isa = PBXFileReference; explicitFileType = wrapper.cfbundle; includeInIndex = 0; path = "Tiny ConverterTests.xctest"; sourceTree = BUILT_PRODUCTS_DIR; };
		ABE208CD22397E2400E0F013 /* Tiny_ConverterTests.swift */ = {isa = PBXFileReference; lastKnownFileType = sourcecode.swift; path = Tiny_ConverterTests.swift; sourceTree = "<group>"; };
		ABE208CF22397E2400E0F013 /* Info.plist */ = {isa = PBXFileReference; lastKnownFileType = text.plist.xml; path = Info.plist; sourceTree = "<group>"; };
/* End PBXFileReference section */

/* Begin PBXFrameworksBuildPhase section */
		ABE208AF22397E2300E0F013 /* Frameworks */ = {
			isa = PBXFrameworksBuildPhase;
			buildActionMask = 2147483647;
			files = (
			);
			runOnlyForDeploymentPostprocessing = 0;
		};
		ABE208C622397E2400E0F013 /* Frameworks */ = {
			isa = PBXFrameworksBuildPhase;
			buildActionMask = 2147483647;
			files = (
			);
			runOnlyForDeploymentPostprocessing = 0;
		};
/* End PBXFrameworksBuildPhase section */

/* Begin PBXGroup section */
		ABE208A922397E2300E0F013 = {
			isa = PBXGroup;
			children = (
				ABE208B422397E2300E0F013 /* Tiny Converter */,
				ABE208CC22397E2400E0F013 /* Tiny ConverterTests */,
				ABE208B322397E2300E0F013 /* Products */,
			);
			sourceTree = "<group>";
		};
		ABE208B322397E2300E0F013 /* Products */ = {
			isa = PBXGroup;
			children = (
				ABE208B222397E2300E0F013 /* Tiny Converter.app */,
				ABE208C922397E2400E0F013 /* Tiny ConverterTests.xctest */,
			);
			name = Products;
			sourceTree = "<group>";
		};
		ABE208B422397E2300E0F013 /* Tiny Converter */ = {
			isa = PBXGroup;
			children = (
				ABE208B522397E2300E0F013 /* AppDelegate.swift */,
				ABE208B722397E2300E0F013 /* ViewController.swift */,
				ABE208B922397E2300E0F013 /* Main.storyboard */,
				ABE208BF22397E2400E0F013 /* Assets.xcassets */,
				ABE208C122397E2400E0F013 /* LaunchScreen.storyboard */,
				ABE208C422397E2400E0F013 /* Info.plist */,
				ABE208BC22397E2300E0F013 /* Tiny_Converter.xcdatamodeld */,
			);
			path = "Tiny Converter";
			sourceTree = "<group>";
		};
		ABE208CC22397E2400E0F013 /* Tiny ConverterTests */ = {
			isa = PBXGroup;
			children = (
				ABE208CD22397E2400E0F013 /* Tiny_ConverterTests.swift */,
				ABE208CF22397E2400E0F013 /* Info.plist */,
			);
			path = "Tiny ConverterTests";
			sourceTree = "<group>";
		};
/* End PBXGroup section */

/* Begin PBXNativeTarget section */
		ABE208B122397E2300E0F013 /* Tiny Converter */ = {
			isa = PBXNativeTarget;
			buildConfigurationList = ABE208D222397E2400E0F013 /* Build configuration list for PBXNativeTarget "Tiny Converter" */;
			buildPhases = (
				ABE208AE22397E2300E0F013 /* Sources */,
				ABE208AF22397E2300E0F013 /* Frameworks */,
				ABE208B022397E2300E0F013 /* Resources */,
			);
			buildRules = (
			);
			dependencies = (
			);
			name = "Tiny Converter";
			productName = "Tiny Converter";
			productReference = ABE208B222397E2300E0F013 /* Tiny Converter.app */;
			productType = "com.apple.product-type.application";
		};
		ABE208C822397E2400E0F013 /* Tiny ConverterTests */ = {
			isa = PBXNativeTarget;
			buildConfigurationList = ABE208D522397E2400E0F013 /* Build configuration list for PBXNativeTarget "Tiny ConverterTests" */;
			buildPhases = (
				ABE208C522397E2400E0F013 /* Sources */,
				ABE208C622397E2400E0F013 /* Frameworks */,
				ABE208C722397E2400E0F013 /* Resources */,
			);
			buildRules = (
			);
			dependencies = (
				ABE208CB22397E2400E0F013 /* PBXTargetDependency */,
			);
			name = "Tiny ConverterTests";
			productName = "Tiny ConverterTests";
			productReference = ABE208C922397E2400E0F013 /* Tiny ConverterTests.xctest */;
			productType = "com.apple.product-type.bundle.unit-test";
		};
/* End PBXNativeTarget section */

/* Begin PBXProject section */
		ABE208AA22397E2300E0F013 /* Project object */ = {
			isa = PBXProject;
			attributes = {
				LastSwiftUpdateCheck = 1010;
				LastUpgradeCheck = 1010;
				ORGANIZATIONNAME = SimpleTechture;
				TargetAttributes = {
					ABE208B122397E2300E0F013 = {
						CreatedOnToolsVersion = 10.1;
					};
					ABE208C822397E2400E0F013 = {
						CreatedOnToolsVersion = 10.1;
						TestTargetID = ABE208B122397E2300E0F013;
					};
				};
			};
			buildConfigurationList = ABE208AD22397E2300E0F013 /* Build configuration list for PBXProject "Tiny Converter" */;
			compatibilityVersion = "Xcode 9.3";
			developmentRegion = en;
			hasScannedForEncodings = 0;
			knownRegions = (
				en,
				Base,
			);
			mainGroup = ABE208A922397E2300E0F013;
			productRefGroup = ABE208B322397E2300E0F013 /* Products */;
			projectDirPath = "";
			projectRoot = "";
			targets = (
				ABE208B122397E2300E0F013 /* Tiny Converter */,
				ABE208C822397E2400E0F013 /* Tiny ConverterTests */,
			);
		};
/* End PBXProject section */

/* Begin PBXResourcesBuildPhase section */
		ABE208B022397E2300E0F013 /* Resources */ = {
			isa = PBXResourcesBuildPhase;
			buildActionMask = 2147483647;
			files = (
				ABE208C322397E2400E0F013 /* LaunchScreen.storyboard in Resources */,
				ABE208C022397E2400E0F013 /* Assets.xcassets in Resources */,
				ABE208BB22397E2300E0F013 /* Main.storyboard in Resources */,
			);
			runOnlyForDeploymentPostprocessing = 0;
		};
		ABE208C722397E2400E0F013 /* Resources */ = {
			isa = PBXResourcesBuildPhase;
			buildActionMask = 2147483647;
			files = (
			);
			runOnlyForDeploymentPostprocessing = 0;
		};
/* End PBXResourcesBuildPhase section */

/* Begin PBXSourcesBuildPhase section */
		ABE208AE22397E2300E0F013 /* Sources */ = {
			isa = PBXSourcesBuildPhase;
			buildActionMask = 2147483647;
			files = (
				ABE208B822397E2300E0F013 /* ViewController.swift in Sources */,
				ABE208BE22397E2300E0F013 /* Tiny_Converter.xcdatamodeld in Sources */,
				ABE208B622397E2300E0F013 /* AppDelegate.swift in Sources */,
			);
			runOnlyForDeploymentPostprocessing = 0;
		};
		ABE208C522397E2400E0F013 /* Sources */ = {
			isa = PBXSourcesBuildPhase;
			buildActionMask = 2147483647;
			files = (
				ABE208CE22397E2400E0F013 /* Tiny_ConverterTests.swift in Sources */,
			);
			runOnlyForDeploymentPostprocessing = 0;
		};
/* End PBXSourcesBuildPhase section */

/* Begin PBXTargetDependency section */
		ABE208CB22397E2400E0F013 /* PBXTargetDependency */ = {
			isa = PBXTargetDependency;
			target = ABE208B122397E2300E0F013 /* Tiny Converter */;
			targetProxy = ABE208CA22397E2400E0F013 /* PBXContainerItemProxy */;
		};
/* End PBXTargetDependency section */

/* Begin PBXVariantGroup section */
		ABE208B922397E2300E0F013 /* Main.storyboard */ = {
			isa = PBXVariantGroup;
			children = (
				ABE208BA22397E2300E0F013 /* Base */,
			);
			name = Main.storyboard;
			sourceTree = "<group>";
		};
		ABE208C122397E2400E0F013 /* LaunchScreen.storyboard */ = {
			isa = PBXVariantGroup;
			children = (
				ABE208C222397E2400E0F013 /* Base */,
			);
			name = LaunchScreen.storyboard;
			sourceTree = "<group>";
		};
/* End PBXVariantGroup section */

/* Begin XCBuildConfiguration section */
		ABE208D022397E2400E0F013 /* Debug */ = {
			isa = XCBuildConfiguration;
			buildSettings = {
				ALWAYS_SEARCH_USER_PATHS = NO;
				CLANG_ANALYZER_NONNULL = YES;
				CLANG_ANALYZER_NUMBER_OBJECT_CONVERSION = YES_AGGRESSIVE;
				CLANG_CXX_LANGUAGE_STANDARD = "gnu++14";
				CLANG_CXX_LIBRARY = "libc++";
				CLANG_ENABLE_MODULES = YES;
				CLANG_ENABLE_OBJC_ARC = YES;
				CLANG_ENABLE_OBJC_WEAK = YES;
				CLANG_WARN_BLOCK_CAPTURE_AUTORELEASING = YES;
				CLANG_WARN_BOOL_CONVERSION = YES;
				CLANG_WARN_COMMA = YES;
				CLANG_WARN_CONSTANT_CONVERSION = YES;
				CLANG_WARN_DEPRECATED_OBJC_IMPLEMENTATIONS = YES;
				CLANG_WARN_DIRECT_OBJC_ISA_USAGE = YES_ERROR;
				CLANG_WARN_DOCUMENTATION_COMMENTS = YES;
				CLANG_WARN_EMPTY_BODY = YES;
				CLANG_WARN_ENUM_CONVERSION = YES;
				CLANG_WARN_INFINITE_RECURSION = YES;
				CLANG_WARN_INT_CONVERSION = YES;
				CLANG_WARN_NON_LITERAL_NULL_CONVERSION = YES;
				CLANG_WARN_OBJC_IMPLICIT_RETAIN_SELF = YES;
				CLANG_WARN_OBJC_LITERAL_CONVERSION = YES;
				CLANG_WARN_OBJC_ROOT_CLASS = YES_ERROR;
				CLANG_WARN_RANGE_LOOP_ANALYSIS = YES;
				CLANG_WARN_STRICT_PROTOTYPES = YES;
				CLANG_WARN_SUSPICIOUS_MOVE = YES;
				CLANG_WARN_UNGUARDED_AVAILABILITY = YES_AGGRESSIVE;
				CLANG_WARN_UNREACHABLE_CODE = YES;
				CLANG_WARN__DUPLICATE_METHOD_MATCH = YES;
				CODE_SIGN_IDENTITY = "iPhone Developer";
				COPY_PHASE_STRIP = NO;
				DEBUG_INFORMATION_FORMAT = dwarf;
				ENABLE_STRICT_OBJC_MSGSEND = YES;
				ENABLE_TESTABILITY = YES;
				GCC_C_LANGUAGE_STANDARD = gnu11;
				GCC_DYNAMIC_NO_PIC = NO;
				GCC_NO_COMMON_BLOCKS = YES;
				GCC_OPTIMIZATION_LEVEL = 0;
				GCC_PREPROCESSOR_DEFINITIONS = (
					"DEBUG=1",
					"$(inherited)",
				);
				GCC_WARN_64_TO_32_BIT_CONVERSION = YES;
				GCC_WARN_ABOUT_RETURN_TYPE = YES_ERROR;
				GCC_WARN_UNDECLARED_SELECTOR = YES;
				GCC_WARN_UNINITIALIZED_AUTOS = YES_AGGRESSIVE;
				GCC_WARN_UNUSED_FUNCTION = YES;
				GCC_WARN_UNUSED_VARIABLE = YES;
				IPHONEOS_DEPLOYMENT_TARGET = 12.1;
				MTL_ENABLE_DEBUG_INFO = INCLUDE_SOURCE;
				MTL_FAST_MATH = YES;
				ONLY_ACTIVE_ARCH = YES;
				SDKROOT = iphoneos;
				SWIFT_ACTIVE_COMPILATION_CONDITIONS = DEBUG;
				SWIFT_OPTIMIZATION_LEVEL = "-Onone";
			};
			name = Debug;
		};
		ABE208D122397E2400E0F013 /* Release */ = {
			isa = XCBuildConfiguration;
			buildSettings = {
				ALWAYS_SEARCH_USER_PATHS = NO;
				CLANG_ANALYZER_NONNULL = YES;
				CLANG_ANALYZER_NUMBER_OBJECT_CONVERSION = YES_AGGRESSIVE;
				CLANG_CXX_LANGUAGE_STANDARD = "gnu++14";
				CLANG_CXX_LIBRARY = "libc++";
				CLANG_ENABLE_MODULES = YES;
				CLANG_ENABLE_OBJC_ARC = YES;
				CLANG_ENABLE_OBJC_WEAK = YES;
				CLANG_WARN_BLOCK_CAPTURE_AUTORELEASING = YES;
				CLANG_WARN_BOOL_CONVERSION = YES;
				CLANG_WARN_COMMA = YES;
				CLANG_WARN_CONSTANT_CONVERSION = YES;
				CLANG_WARN_DEPRECATED_OBJC_IMPLEMENTATIONS = YES;
				CLANG_WARN_DIRECT_OBJC_ISA_USAGE = YES_ERROR;
				CLANG_WARN_DOCUMENTATION_COMMENTS = YES;
				CLANG_WARN_EMPTY_BODY = YES;
				CLANG_WARN_ENUM_CONVERSION = YES;
				CLANG_WARN_INFINITE_RECURSION = YES;
				CLANG_WARN_INT_CONVERSION = YES;
				CLANG_WARN_NON_LITERAL_NULL_CONVERSION = YES;
				CLANG_WARN_OBJC_IMPLICIT_RETAIN_SELF = YES;
				CLANG_WARN_OBJC_LITERAL_CONVERSION = YES;
				CLANG_WARN_OBJC_ROOT_CLASS = YES_ERROR;
				CLANG_WARN_RANGE_LOOP_ANALYSIS = YES;
				CLANG_WARN_STRICT_PROTOTYPES = YES;
				CLANG_WARN_SUSPICIOUS_MOVE = YES;
				CLANG_WARN_UNGUARDED_AVAILABILITY = YES_AGGRESSIVE;
				CLANG_WARN_UNREACHABLE_CODE = YES;
				CLANG_WARN__DUPLICATE_METHOD_MATCH = YES;
				CODE_SIGN_IDENTITY = "iPhone Developer";
				COPY_PHASE_STRIP = NO;
				DEBUG_INFORMATION_FORMAT = "dwarf-with-dsym";
				ENABLE_NS_ASSERTIONS = NO;
				ENABLE_STRICT_OBJC_MSGSEND = YES;
				GCC_C_LANGUAGE_STANDARD = gnu11;
				GCC_NO_COMMON_BLOCKS = YES;
				GCC_WARN_64_TO_32_BIT_CONVERSION = YES;
				GCC_WARN_ABOUT_RETURN_TYPE = YES_ERROR;
				GCC_WARN_UNDECLARED_SELECTOR = YES;
				GCC_WARN_UNINITIALIZED_AUTOS = YES_AGGRESSIVE;
				GCC_WARN_UNUSED_FUNCTION = YES;
				GCC_WARN_UNUSED_VARIABLE = YES;
				IPHONEOS_DEPLOYMENT_TARGET = 12.1;
				MTL_ENABLE_DEBUG_INFO = NO;
				MTL_FAST_MATH = YES;
				SDKROOT = iphoneos;
				SWIFT_COMPILATION_MODE = wholemodule;
				SWIFT_OPTIMIZATION_LEVEL = "-O";
				VALIDATE_PRODUCT = YES;
			};
			name = Release;
		};
		ABE208D322397E2400E0F013 /* Debug */ = {
			isa = XCBuildConfiguration;
			buildSettings = {
				ASSETCATALOG_COMPILER_APPICON_NAME = AppIcon;
				CODE_SIGN_STYLE = Automatic;
				DEVELOPMENT_TEAM = PF64NZ9WG6;
				INFOPLIST_FILE = "Tiny Converter/Info.plist";
				LD_RUNPATH_SEARCH_PATHS = (
					"$(inherited)",
					"@executable_path/Frameworks",
				);
				PRODUCT_BUNDLE_IDENTIFIER = "nl.simpletechture.Tiny-Converter";
				PRODUCT_NAME = "$(TARGET_NAME)";
				SWIFT_VERSION = 4.2;
				TARGETED_DEVICE_FAMILY = "1,2";
			};
			name = Debug;
		};
		ABE208D422397E2400E0F013 /* Release */ = {
			isa = XCBuildConfiguration;
			buildSettings = {
				ASSETCATALOG_COMPILER_APPICON_NAME = AppIcon;
				CODE_SIGN_STYLE = Automatic;
				DEVELOPMENT_TEAM = PF64NZ9WG6;
				INFOPLIST_FILE = "Tiny Converter/Info.plist";
				LD_RUNPATH_SEARCH_PATHS = (
					"$(inherited)",
					"@executable_path/Frameworks",
				);
				PRODUCT_BUNDLE_IDENTIFIER = "nl.simpletechture.Tiny-Converter";
				PRODUCT_NAME = "$(TARGET_NAME)";
				SWIFT_VERSION = 4.2;
				TARGETED_DEVICE_FAMILY = "1,2";
			};
			name = Release;
		};
		ABE208D622397E2400E0F013 /* Debug */ = {
			isa = XCBuildConfiguration;
			buildSettings = {
				ALWAYS_EMBED_SWIFT_STANDARD_LIBRARIES = YES;
				BUNDLE_LOADER = "$(TEST_HOST)";
				CODE_SIGN_STYLE = Automatic;
				DEVELOPMENT_TEAM = PF64NZ9WG6;
				INFOPLIST_FILE = "Tiny ConverterTests/Info.plist";
				LD_RUNPATH_SEARCH_PATHS = (
					"$(inherited)",
					"@executable_path/Frameworks",
					"@loader_path/Frameworks",
				);
				PRODUCT_BUNDLE_IDENTIFIER = "nl.simpletechture.Tiny-ConverterTests";
				PRODUCT_NAME = "$(TARGET_NAME)";
				SWIFT_VERSION = 4.2;
				TARGETED_DEVICE_FAMILY = "1,2";
				TEST_HOST = "$(BUILT_PRODUCTS_DIR)/Tiny Converter.app/Tiny Converter";
			};
			name = Debug;
		};
		ABE208D722397E2400E0F013 /* Release */ = {
			isa = XCBuildConfiguration;
			buildSettings = {
				ALWAYS_EMBED_SWIFT_STANDARD_LIBRARIES = YES;
				BUNDLE_LOADER = "$(TEST_HOST)";
				CODE_SIGN_STYLE = Automatic;
				DEVELOPMENT_TEAM = PF64NZ9WG6;
				INFOPLIST_FILE = "Tiny ConverterTests/Info.plist";
				LD_RUNPATH_SEARCH_PATHS = (
					"$(inherited)",
					"@executable_path/Frameworks",
					"@loader_path/Frameworks",
				);
				PRODUCT_BUNDLE_IDENTIFIER = "nl.simpletechture.Tiny-ConverterTests";
				PRODUCT_NAME = "$(TARGET_NAME)";
				SWIFT_VERSION = 4.2;
				TARGETED_DEVICE_FAMILY = "1,2";
				TEST_HOST = "$(BUILT_PRODUCTS_DIR)/Tiny Converter.app/Tiny Converter";
			};
			name = Release;
		};
/* End XCBuildConfiguration section */

/* Begin XCConfigurationList section */
		ABE208AD22397E2300E0F013 /* Build configuration list for PBXProject "Tiny Converter" */ = {
			isa = XCConfigurationList;
			buildConfigurations = (
				ABE208D022397E2400E0F013 /* Debug */,
				ABE208D122397E2400E0F013 /* Release */,
			);
			defaultConfigurationIsVisible = 0;
			defaultConfigurationName = Release;
		};
		ABE208D222397E2400E0F013 /* Build configuration list for PBXNativeTarget "Tiny Converter" */ = {
			isa = XCConfigurationList;
			buildConfigurations = (
				ABE208D322397E2400E0F013 /* Debug */,
				ABE208D422397E2400E0F013 /* Release */,
			);
			defaultConfigurationIsVisible = 0;
			defaultConfigurationName = Release;
		};
		ABE208D522397E2400E0F013 /* Build configuration list for PBXNativeTarget "Tiny ConverterTests" */ = {
			isa = XCConfigurationList;
			buildConfigurations = (
				ABE208D622397E2400E0F013 /* Debug */,
				ABE208D722397E2400E0F013 /* Release */,
			);
			defaultConfigurationIsVisible = 0;
			defaultConfigurationName = Release;
		};
/* End XCConfigurationList section */

/* Begin XCVersionGroup section */
		ABE208BC22397E2300E0F013 /* Tiny_Converter.xcdatamodeld */ = {
			isa = XCVersionGroup;
			children = (
				ABE208BD22397E2300E0F013 /* Tiny_Converter.xcdatamodel */,
			);
			currentVersion = ABE208BD22397E2300E0F013 /* Tiny_Converter.xcdatamodel */;
			path = Tiny_Converter.xcdatamodeld;
			sourceTree = "<group>";
			versionGroupType = wrapper.xcdatamodel;
		};
/* End XCVersionGroup section */
	};
	rootObject = ABE208AA22397E2300E0F013 /* Project object */;
}
